<?xml version="1.0" encoding="UTF-8"?>
<!DOCTYPE plist PUBLIC "-//Apple//DTD PLIST 1.0//EN" "http://www.apple.com/DTDs/PropertyList-1.0.dtd">
<plist version="1.0">
<dict>
	<key>archiveVersion</key>
	<string>1</string>
	<key>classes</key>
	<dict/>
	<key>objectVersion</key>
	<string>46</string>
	<key>objects</key>
	<dict>
		<key>02D16E299F8C1E6677082A1A</key>
		<dict>
			<key>includeInIndex</key>
			<string>1</string>
			<key>isa</key>
			<string>PBXFileReference</string>
			<key>lastKnownFileType</key>
			<string>text.xcconfig</string>
			<key>name</key>
			<string>Pods-TradeMuch.debug.xcconfig</string>
			<key>path</key>
			<string>Pods/Target Support Files/Pods-TradeMuch/Pods-TradeMuch.debug.xcconfig</string>
			<key>sourceTree</key>
			<string>&lt;group&gt;</string>
		</dict>
		<key>0EAE332B9B454F77AB220D3B</key>
		<dict>
			<key>fileRef</key>
			<string>270B96237F85409A983BF4CB</string>
			<key>isa</key>
			<string>PBXBuildFile</string>
		</dict>
		<key>131D1B488A58565035FA025A</key>
		<dict>
			<key>includeInIndex</key>
			<string>1</string>
			<key>isa</key>
			<string>PBXFileReference</string>
			<key>lastKnownFileType</key>
			<string>text.xcconfig</string>
			<key>name</key>
			<string>Pods-TradeMuch.release.xcconfig</string>
			<key>path</key>
			<string>Pods/Target Support Files/Pods-TradeMuch/Pods-TradeMuch.release.xcconfig</string>
			<key>sourceTree</key>
			<string>&lt;group&gt;</string>
		</dict>
		<key>13B07F861A680F5B00A75B9A</key>
		<dict>
			<key>buildConfigurationList</key>
			<string>13B07F931A680F5B00A75B9A</string>
			<key>buildPhases</key>
			<array>
				<string>70CC5FFF42A3F0FFC3390F94</string>
				<string>13B07F871A680F5B00A75B9A</string>
				<string>13B07F8C1A680F5B00A75B9A</string>
				<string>13B07F8E1A680F5B00A75B9A</string>
				<string>6D6027FA1CCF0D8200ACC613</string>
				<string>6D6027EA1CCDC34100ACC613</string>
				<string>AD7939BF285FD047AC833537</string>
				<string>DC4C907CF447B44761FDD522</string>
				<string>5C2910212D40309EF0D6CC05</string>
			</array>
			<key>buildRules</key>
			<array/>
			<key>dependencies</key>
			<array/>
			<key>isa</key>
			<string>PBXNativeTarget</string>
			<key>name</key>
			<string>TradeMuch</string>
			<key>productName</key>
			<string>Hello World</string>
			<key>productReference</key>
			<string>13B07F961A680F5B00A75B9A</string>
			<key>productType</key>
			<string>com.apple.product-type.application</string>
		</dict>
		<key>13B07F871A680F5B00A75B9A</key>
		<dict>
			<key>buildActionMask</key>
			<string>2147483647</string>
			<key>files</key>
			<array>
				<string>13B07FBC1A68108700A75B9A</string>
				<string>13B07FC11A68108700A75B9A</string>
				<string>6DA693B71CBF71B500B42EE4</string>
			</array>
			<key>isa</key>
			<string>PBXSourcesBuildPhase</string>
			<key>runOnlyForDeploymentPostprocessing</key>
			<string>0</string>
		</dict>
		<key>13B07F8C1A680F5B00A75B9A</key>
		<dict>
			<key>buildActionMask</key>
			<string>2147483647</string>
			<key>files</key>
			<array>
				<string>8BB48A8B1C9ABA00006D5BA2</string>
				<string>565653FC1CB4D7F500436083</string>
				<string>8B08C5F21CA00E7600961C8F</string>
				<string>EFDE5E38EF7B424A9D7345CA</string>
				<string>8B856BA51CAE55C300FE2959</string>
				<string>45046932EA4F7490BEA6B47A</string>
			</array>
			<key>isa</key>
			<string>PBXFrameworksBuildPhase</string>
			<key>runOnlyForDeploymentPostprocessing</key>
			<string>0</string>
		</dict>
		<key>13B07F8E1A680F5B00A75B9A</key>
		<dict>
			<key>buildActionMask</key>
			<string>2147483647</string>
			<key>files</key>
			<array>
				<string>C87A08251B683A3800075643</string>
				<string>13B07FBF1A68108700A75B9A</string>
				<string>569A9F8E1CBF4AC600F47FFA</string>
				<string>D5B9DC827F1D454281293ABA</string>
				<string>7DD16E341A0E42C8BB666D4A</string>
				<string>EEB1A596C59946B3BBC6DDBA</string>
				<string>0EAE332B9B454F77AB220D3B</string>
				<string>15D9912F0DD14BEFA5F72C29</string>
				<string>4130FBD745514CFCBCC5A4F7</string>
				<string>51898EAC8A9E4F79ABD06331</string>
				<string>40E45189B9D14C64BC03B9F8</string>
			</array>
			<key>isa</key>
			<string>PBXResourcesBuildPhase</string>
			<key>runOnlyForDeploymentPostprocessing</key>
			<string>0</string>
		</dict>
		<key>13B07F931A680F5B00A75B9A</key>
		<dict>
			<key>buildConfigurations</key>
			<array>
				<string>13B07F941A680F5B00A75B9A</string>
				<string>13B07F951A680F5B00A75B9A</string>
			</array>
			<key>defaultConfigurationIsVisible</key>
			<string>0</string>
			<key>defaultConfigurationName</key>
			<string>Release</string>
			<key>isa</key>
			<string>XCConfigurationList</string>
		</dict>
		<key>13B07F941A680F5B00A75B9A</key>
		<dict>
			<key>baseConfigurationReference</key>
			<string>02D16E299F8C1E6677082A1A</string>
			<key>buildSettings</key>
			<dict>
				<key>ASSETCATALOG_COMPILER_APPICON_NAME</key>
				<string>AppIcon</string>
				<key>ASSETCATALOG_COMPILER_LAUNCHIMAGE_NAME</key>
				<string>LaunchImage</string>
				<key>CODE_SIGN_IDENTITY</key>
				<string>iPhone Developer</string>
				<key>CODE_SIGN_IDENTITY[sdk=iphoneos*]</key>
				<string>iPhone Developer</string>
				<key>INFOPLIST_FILE</key>
				<string>iOS/Info.plist</string>
				<key>LIBRARY_SEARCH_PATHS</key>
				<array>
					<string>$(inherited)</string>
					<string>"$(SRCROOT)"</string>
				</array>
				<key>PRODUCT_BUNDLE_IDENTIFIER</key>
				<string>com.trunksys.trademuch</string>
				<key>PRODUCT_NAME</key>
				<string>TradeMuch</string>
				<key>PROVISIONING_PROFILE</key>
				<string></string>
				<key>SDKROOT</key>
				<string>iphoneos</string>
			</dict>
			<key>isa</key>
			<string>XCBuildConfiguration</string>
			<key>name</key>
			<string>Debug</string>
		</dict>
		<key>13B07F951A680F5B00A75B9A</key>
		<dict>
			<key>baseConfigurationReference</key>
			<string>131D1B488A58565035FA025A</string>
			<key>buildSettings</key>
			<dict>
				<key>ASSETCATALOG_COMPILER_APPICON_NAME</key>
				<string>AppIcon</string>
				<key>ASSETCATALOG_COMPILER_LAUNCHIMAGE_NAME</key>
				<string>LaunchImage</string>
				<key>CODE_SIGN_IDENTITY</key>
				<string>iPhone Developer</string>
				<key>CODE_SIGN_IDENTITY[sdk=iphoneos*]</key>
				<string>iPhone Developer</string>
				<key>INFOPLIST_FILE</key>
				<string>iOS/Info.plist</string>
				<key>LIBRARY_SEARCH_PATHS</key>
				<array>
					<string>$(inherited)</string>
					<string>"$(SRCROOT)"</string>
				</array>
				<key>ONLY_ACTIVE_ARCH</key>
				<string>NO</string>
				<key>PRODUCT_BUNDLE_IDENTIFIER</key>
				<string>com.trunksys.trademuch</string>
				<key>PRODUCT_NAME</key>
				<string>TradeMuch</string>
				<key>PROVISIONING_PROFILE</key>
				<string></string>
				<key>SDKROOT</key>
				<string>iphoneos</string>
			</dict>
			<key>isa</key>
			<string>XCBuildConfiguration</string>
			<key>name</key>
			<string>Release</string>
		</dict>
		<key>13B07F961A680F5B00A75B9A</key>
		<dict>
			<key>explicitFileType</key>
			<string>wrapper.application</string>
			<key>includeInIndex</key>
			<string>0</string>
			<key>isa</key>
			<string>PBXFileReference</string>
			<key>path</key>
			<string>TradeMuch.app</string>
			<key>sourceTree</key>
			<string>BUILT_PRODUCTS_DIR</string>
		</dict>
		<key>13B07FAE1A68108700A75B9A</key>
		<dict>
			<key>children</key>
			<array>
				<string>569A9F8D1CBF4AC600F47FFA</string>
				<string>13B07FAF1A68108700A75B9A</string>
				<string>13B07FB01A68108700A75B9A</string>
				<string>13B07FB51A68108700A75B9A</string>
				<string>13B07FB61A68108700A75B9A</string>
				<string>13B07FB71A68108700A75B9A</string>
			</array>
			<key>isa</key>
			<string>PBXGroup</string>
			<key>name</key>
			<string>TradeMuch</string>
			<key>sourceTree</key>
			<string>&lt;group&gt;</string>
		</dict>
		<key>13B07FAF1A68108700A75B9A</key>
		<dict>
			<key>fileEncoding</key>
			<string>4</string>
			<key>isa</key>
			<string>PBXFileReference</string>
			<key>lastKnownFileType</key>
			<string>sourcecode.c.h</string>
			<key>name</key>
			<string>AppDelegate.h</string>
			<key>path</key>
			<string>iOS/AppDelegate.h</string>
			<key>sourceTree</key>
			<string>&lt;group&gt;</string>
		</dict>
		<key>13B07FB01A68108700A75B9A</key>
		<dict>
			<key>fileEncoding</key>
			<string>4</string>
			<key>isa</key>
			<string>PBXFileReference</string>
			<key>lastKnownFileType</key>
			<string>sourcecode.c.objc</string>
			<key>name</key>
			<string>AppDelegate.m</string>
			<key>path</key>
			<string>iOS/AppDelegate.m</string>
			<key>sourceTree</key>
			<string>&lt;group&gt;</string>
		</dict>
		<key>13B07FB51A68108700A75B9A</key>
		<dict>
			<key>isa</key>
			<string>PBXFileReference</string>
			<key>lastKnownFileType</key>
			<string>folder.assetcatalog</string>
			<key>name</key>
			<string>Images.xcassets</string>
			<key>path</key>
			<string>iOS/Images.xcassets</string>
			<key>sourceTree</key>
			<string>&lt;group&gt;</string>
		</dict>
		<key>13B07FB61A68108700A75B9A</key>
		<dict>
			<key>fileEncoding</key>
			<string>4</string>
			<key>isa</key>
			<string>PBXFileReference</string>
			<key>lastKnownFileType</key>
			<string>text.plist.xml</string>
			<key>name</key>
			<string>Info.plist</string>
			<key>path</key>
			<string>iOS/Info.plist</string>
			<key>sourceTree</key>
			<string>&lt;group&gt;</string>
		</dict>
		<key>13B07FB71A68108700A75B9A</key>
		<dict>
			<key>fileEncoding</key>
			<string>4</string>
			<key>isa</key>
			<string>PBXFileReference</string>
			<key>lastKnownFileType</key>
			<string>sourcecode.c.objc</string>
			<key>name</key>
			<string>main.m</string>
			<key>path</key>
			<string>iOS/main.m</string>
			<key>sourceTree</key>
			<string>&lt;group&gt;</string>
		</dict>
		<key>13B07FBC1A68108700A75B9A</key>
		<dict>
			<key>fileRef</key>
			<string>13B07FB01A68108700A75B9A</string>
			<key>isa</key>
			<string>PBXBuildFile</string>
		</dict>
		<key>13B07FBF1A68108700A75B9A</key>
		<dict>
			<key>fileRef</key>
			<string>13B07FB51A68108700A75B9A</string>
			<key>isa</key>
			<string>PBXBuildFile</string>
		</dict>
		<key>13B07FC11A68108700A75B9A</key>
		<dict>
			<key>fileRef</key>
			<string>13B07FB71A68108700A75B9A</string>
			<key>isa</key>
			<string>PBXBuildFile</string>
		</dict>
		<key>15C4B705BE9CD44C2DE4C35D</key>
		<dict>
			<key>explicitFileType</key>
			<string>archive.ar</string>
			<key>includeInIndex</key>
			<string>0</string>
			<key>isa</key>
			<string>PBXFileReference</string>
			<key>path</key>
			<string>libPods-TradeMuch.a</string>
			<key>sourceTree</key>
			<string>BUILT_PRODUCTS_DIR</string>
		</dict>
		<key>15D9912F0DD14BEFA5F72C29</key>
		<dict>
			<key>fileRef</key>
			<string>FD3E2498D9524CBBBE7A7897</string>
			<key>isa</key>
			<string>PBXBuildFile</string>
		</dict>
		<key>18466B76EA2F45FD9DB88922</key>
		<dict>
			<key>explicitFileType</key>
			<string>undefined</string>
			<key>fileEncoding</key>
			<string>9</string>
			<key>includeInIndex</key>
			<string>0</string>
			<key>isa</key>
			<string>PBXFileReference</string>
			<key>lastKnownFileType</key>
			<string>unknown</string>
			<key>name</key>
			<string>FontAwesome.ttf</string>
			<key>path</key>
			<string>node_modules/react-native-vector-icons/Fonts/FontAwesome.ttf</string>
			<key>sourceTree</key>
			<string>&lt;group&gt;</string>
		</dict>
		<key>2271A41F1F4340AEB0EF98B4</key>
		<dict>
			<key>explicitFileType</key>
			<string>undefined</string>
			<key>fileEncoding</key>
			<string>9</string>
			<key>includeInIndex</key>
			<string>0</string>
			<key>isa</key>
			<string>PBXFileReference</string>
			<key>lastKnownFileType</key>
			<string>unknown</string>
			<key>name</key>
			<string>EvilIcons.ttf</string>
			<key>path</key>
			<string>node_modules/react-native-vector-icons/Fonts/EvilIcons.ttf</string>
			<key>sourceTree</key>
			<string>&lt;group&gt;</string>
		</dict>
		<key>270B96237F85409A983BF4CB</key>
		<dict>
			<key>explicitFileType</key>
			<string>undefined</string>
			<key>fileEncoding</key>
			<string>9</string>
			<key>includeInIndex</key>
			<string>0</string>
			<key>isa</key>
			<string>PBXFileReference</string>
			<key>lastKnownFileType</key>
			<string>unknown</string>
			<key>name</key>
			<string>Foundation.ttf</string>
			<key>path</key>
			<string>node_modules/react-native-vector-icons/Fonts/Foundation.ttf</string>
			<key>sourceTree</key>
			<string>&lt;group&gt;</string>
		</dict>
		<key>2A61B272EAD74DEFB26FFA16</key>
		<dict>
			<key>explicitFileType</key>
			<string>undefined</string>
			<key>fileEncoding</key>
			<string>9</string>
			<key>includeInIndex</key>
			<string>0</string>
			<key>isa</key>
			<string>PBXFileReference</string>
			<key>lastKnownFileType</key>
			<string>unknown</string>
			<key>name</key>
			<string>Entypo.ttf</string>
			<key>path</key>
			<string>node_modules/react-native-vector-icons/Fonts/Entypo.ttf</string>
			<key>sourceTree</key>
			<string>&lt;group&gt;</string>
		</dict>
		<key>40E45189B9D14C64BC03B9F8</key>
		<dict>
			<key>fileRef</key>
			<string>F6FF10ABDD4C47399D482D3A</string>
			<key>isa</key>
			<string>PBXBuildFile</string>
		</dict>
		<key>4130FBD745514CFCBCC5A4F7</key>
		<dict>
			<key>fileRef</key>
			<string>6C0814D5C4CB4DF38BD717EB</string>
			<key>isa</key>
			<string>PBXBuildFile</string>
		</dict>
		<key>45046932EA4F7490BEA6B47A</key>
		<dict>
			<key>fileRef</key>
			<string>15C4B705BE9CD44C2DE4C35D</string>
			<key>isa</key>
			<string>PBXBuildFile</string>
		</dict>
		<key>51898EAC8A9E4F79ABD06331</key>
		<dict>
			<key>fileRef</key>
			<string>73505FE73B2F4879A54B9EB4</string>
			<key>isa</key>
			<string>PBXBuildFile</string>
		</dict>
		<key>565653F21CB4D7EC00436083</key>
		<dict>
			<key>isa</key>
			<string>PBXFileReference</string>
			<key>lastKnownFileType</key>
			<string>wrapper.pb-project</string>
			<key>name</key>
			<string>RCTLinking.xcodeproj</string>
			<key>path</key>
			<string>node_modules/react-native/Libraries/LinkingIOS/RCTLinking.xcodeproj</string>
			<key>sourceTree</key>
			<string>&lt;group&gt;</string>
		</dict>
		<key>565653F31CB4D7EC00436083</key>
		<dict>
			<key>children</key>
			<array>
				<string>565653F91CB4D7EC00436083</string>
			</array>
			<key>isa</key>
			<string>PBXGroup</string>
			<key>name</key>
			<string>Products</string>
			<key>sourceTree</key>
			<string>&lt;group&gt;</string>
		</dict>
		<key>565653F81CB4D7EC00436083</key>
		<dict>
			<key>containerPortal</key>
			<string>565653F21CB4D7EC00436083</string>
			<key>isa</key>
			<string>PBXContainerItemProxy</string>
			<key>proxyType</key>
			<string>2</string>
			<key>remoteGlobalIDString</key>
			<string>134814201AA4EA6300B7C361</string>
			<key>remoteInfo</key>
			<string>RCTLinking</string>
		</dict>
		<key>565653F91CB4D7EC00436083</key>
		<dict>
			<key>fileType</key>
			<string>archive.ar</string>
			<key>isa</key>
			<string>PBXReferenceProxy</string>
			<key>path</key>
			<string>libRCTLinking.a</string>
			<key>remoteRef</key>
			<string>565653F81CB4D7EC00436083</string>
			<key>sourceTree</key>
			<string>BUILT_PRODUCTS_DIR</string>
		</dict>
		<key>565653FC1CB4D7F500436083</key>
		<dict>
			<key>fileRef</key>
			<string>565653F91CB4D7EC00436083</string>
			<key>isa</key>
			<string>PBXBuildFile</string>
		</dict>
		<key>569A9F8D1CBF4AC600F47FFA</key>
		<dict>
			<key>fileEncoding</key>
			<string>4</string>
			<key>isa</key>
			<string>PBXFileReference</string>
			<key>lastKnownFileType</key>
			<string>text</string>
			<key>path</key>
			<string>main.jsbundle</string>
			<key>sourceTree</key>
			<string>&lt;group&gt;</string>
		</dict>
		<key>569A9F8E1CBF4AC600F47FFA</key>
		<dict>
			<key>fileRef</key>
			<string>569A9F8D1CBF4AC600F47FFA</string>
			<key>isa</key>
			<string>PBXBuildFile</string>
		</dict>
		<key>5C2910212D40309EF0D6CC05</key>
		<dict>
			<key>buildActionMask</key>
			<string>2147483647</string>
			<key>files</key>
			<array/>
			<key>inputPaths</key>
			<array/>
			<key>isa</key>
			<string>PBXShellScriptBuildPhase</string>
			<key>name</key>
			<string>Embed Pods Frameworks</string>
			<key>outputPaths</key>
			<array/>
			<key>runOnlyForDeploymentPostprocessing</key>
			<string>0</string>
			<key>shellPath</key>
			<string>/bin/sh</string>
			<key>shellScript</key>
			<string>"${SRCROOT}/Pods/Target Support Files/Pods-TradeMuch/Pods-TradeMuch-frameworks.sh"
</string>
			<key>showEnvVarsInLog</key>
			<string>0</string>
		</dict>
		<key>6C0814D5C4CB4DF38BD717EB</key>
		<dict>
			<key>explicitFileType</key>
			<string>undefined</string>
			<key>fileEncoding</key>
			<string>9</string>
			<key>includeInIndex</key>
			<string>0</string>
			<key>isa</key>
			<string>PBXFileReference</string>
			<key>lastKnownFileType</key>
			<string>unknown</string>
			<key>name</key>
			<string>MaterialIcons.ttf</string>
			<key>path</key>
			<string>node_modules/react-native-vector-icons/Fonts/MaterialIcons.ttf</string>
			<key>sourceTree</key>
			<string>&lt;group&gt;</string>
		</dict>
		<key>6D6027EA1CCDC34100ACC613</key>
		<dict>
			<key>buildActionMask</key>
			<string>2147483647</string>
			<key>files</key>
			<array/>
			<key>inputPaths</key>
			<array/>
			<key>isa</key>
			<string>PBXShellScriptBuildPhase</string>
			<key>name</key>
			<string>Set IP</string>
			<key>outputPaths</key>
			<array/>
			<key>runOnlyForDeploymentPostprocessing</key>
			<string>0</string>
			<key>shellPath</key>
			<string>/bin/sh</string>
			<key>shellScript</key>
			<string>INFOPLIST="${TARGET_BUILD_DIR}/${INFOPLIST_PATH}"
echo "writing to $INFOPLIST"
PLISTCMD="Add :SERVER_IP string $(ifconfig | grep -Eo 'inet (addr:)?([0-9]*\.){3}[0-9]*' | grep -Eo '([0-9]*\.){3}[0-9]*' | grep -v '127.0.0.1' | head -1)"
echo -n "$INFOPLIST" | xargs -0 /usr/libexec/PlistBuddy -c "$PLISTCMD" || true
PLISTCMD="Set :SERVER_IP $(ifconfig | grep -Eo 'inet (addr:)?([0-9]*\.){3}[0-9]*' | grep -Eo '([0-9]*\.){3}[0-9]*' | grep -v '127.0.0.1' | head -1)"
echo -n "$INFOPLIST" | xargs -0 /usr/libexec/PlistBuddy -c "$PLISTCMD" || true</string>
		</dict>
		<key>6D6027FA1CCF0D8200ACC613</key>
		<dict>
			<key>buildActionMask</key>
			<string>2147483647</string>
			<key>files</key>
			<array/>
			<key>inputPaths</key>
			<array/>
			<key>isa</key>
			<string>PBXShellScriptBuildPhase</string>
			<key>name</key>
			<string>set env</string>
			<key>outputPaths</key>
			<array/>
			<key>runOnlyForDeploymentPostprocessing</key>
			<string>0</string>
			<key>shellPath</key>
			<string>/bin/sh</string>
			<key>shellScript</key>
			<string></string>
		</dict>
		<key>6DA693B41CBF71B500B42EE4</key>
		<dict>
			<key>children</key>
			<array>
				<string>6DA693B51CBF71B500B42EE4</string>
				<string>6DA693B61CBF71B500B42EE4</string>
			</array>
			<key>isa</key>
			<string>PBXGroup</string>
			<key>name</key>
			<string>RCTOrientation</string>
			<key>path</key>
			<string>node_modules/react-native-orientation/RCTOrientation</string>
			<key>sourceTree</key>
			<string>&lt;group&gt;</string>
		</dict>
		<key>6DA693B51CBF71B500B42EE4</key>
		<dict>
			<key>fileEncoding</key>
			<string>4</string>
			<key>isa</key>
			<string>PBXFileReference</string>
			<key>lastKnownFileType</key>
			<string>sourcecode.c.h</string>
			<key>path</key>
			<string>Orientation.h</string>
			<key>sourceTree</key>
			<string>&lt;group&gt;</string>
		</dict>
		<key>6DA693B61CBF71B500B42EE4</key>
		<dict>
			<key>fileEncoding</key>
			<string>4</string>
			<key>isa</key>
			<string>PBXFileReference</string>
			<key>lastKnownFileType</key>
			<string>sourcecode.c.objc</string>
			<key>path</key>
			<string>Orientation.m</string>
			<key>sourceTree</key>
			<string>&lt;group&gt;</string>
		</dict>
		<key>6DA693B71CBF71B500B42EE4</key>
		<dict>
			<key>fileRef</key>
			<string>6DA693B61CBF71B500B42EE4</string>
			<key>isa</key>
			<string>PBXBuildFile</string>
		</dict>
		<key>70CC5FFF42A3F0FFC3390F94</key>
		<dict>
			<key>buildActionMask</key>
			<string>2147483647</string>
			<key>files</key>
			<array/>
			<key>inputPaths</key>
			<array/>
			<key>isa</key>
			<string>PBXShellScriptBuildPhase</string>
			<key>name</key>
			<string>&#128230; Check Pods Manifest.lock</string>
			<key>outputPaths</key>
			<array/>
			<key>runOnlyForDeploymentPostprocessing</key>
			<string>0</string>
			<key>shellPath</key>
			<string>/bin/sh</string>
			<key>shellScript</key>
			<string>diff "${PODS_ROOT}/../Podfile.lock" "${PODS_ROOT}/Manifest.lock" &gt; /dev/null
if [[ $? != 0 ]] ; then
    cat &lt;&lt; EOM
error: The sandbox is not in sync with the Podfile.lock. Run 'pod install' or update your CocoaPods installation.
EOM
    exit 1
fi
</string>
			<key>showEnvVarsInLog</key>
			<string>0</string>
		</dict>
		<key>73505FE73B2F4879A54B9EB4</key>
		<dict>
			<key>explicitFileType</key>
			<string>undefined</string>
			<key>fileEncoding</key>
			<string>9</string>
			<key>includeInIndex</key>
			<string>0</string>
			<key>isa</key>
			<string>PBXFileReference</string>
			<key>lastKnownFileType</key>
			<string>unknown</string>
			<key>name</key>
			<string>Octicons.ttf</string>
			<key>path</key>
			<string>node_modules/react-native-vector-icons/Fonts/Octicons.ttf</string>
			<key>sourceTree</key>
			<string>&lt;group&gt;</string>
		</dict>
		<key>79B6DD139250441AAEB944D5</key>
		<dict>
			<key>children</key>
			<array>
				<string>2A61B272EAD74DEFB26FFA16</string>
				<string>2271A41F1F4340AEB0EF98B4</string>
				<string>18466B76EA2F45FD9DB88922</string>
				<string>270B96237F85409A983BF4CB</string>
				<string>FD3E2498D9524CBBBE7A7897</string>
				<string>6C0814D5C4CB4DF38BD717EB</string>
				<string>73505FE73B2F4879A54B9EB4</string>
				<string>F6FF10ABDD4C47399D482D3A</string>
			</array>
			<key>isa</key>
			<string>PBXGroup</string>
			<key>name</key>
			<string>Resources</string>
			<key>sourceTree</key>
			<string>&lt;group&gt;</string>
		</dict>
		<key>7DD16E341A0E42C8BB666D4A</key>
		<dict>
			<key>fileRef</key>
			<string>2271A41F1F4340AEB0EF98B4</string>
			<key>isa</key>
			<string>PBXBuildFile</string>
		</dict>
		<key>81205198C36449819B8EB261</key>
		<dict>
			<key>explicitFileType</key>
			<string>undefined</string>
			<key>fileEncoding</key>
			<string>9</string>
			<key>includeInIndex</key>
			<string>0</string>
			<key>isa</key>
			<string>PBXFileReference</string>
			<key>lastKnownFileType</key>
			<string>archive.ar</string>
			<key>path</key>
			<string>libRNVectorIcons.a</string>
			<key>sourceTree</key>
			<string>&lt;group&gt;</string>
		</dict>
		<key>83CBB9F61A601CBA00E9B192</key>
		<dict>
			<key>children</key>
			<array>
				<string>6DA693B41CBF71B500B42EE4</string>
				<string>8BB48A841C9AB8C9006D5BA2</string>
				<string>C87A08241B683A3800075643</string>
				<string>C88173AF1B6FBB4E001330B7</string>
				<string>13B07FAE1A68108700A75B9A</string>
				<string>83CBBA001A601CBA00E9B192</string>
				<string>79B6DD139250441AAEB944D5</string>
				<string>866E459E0BEF6E3A2918DEA3</string>
				<string>AD0284517E5D4AA786B3BEF5</string>
			</array>
			<key>indentWidth</key>
			<string>2</string>
			<key>isa</key>
			<string>PBXGroup</string>
			<key>sourceTree</key>
			<string>&lt;group&gt;</string>
			<key>tabWidth</key>
			<string>2</string>
		</dict>
		<key>83CBB9F71A601CBA00E9B192</key>
		<dict>
			<key>attributes</key>
			<dict>
				<key>LastUpgradeCheck</key>
				<string>0730</string>
				<key>ORGANIZATIONNAME</key>
				<string>Facebook</string>
				<key>TargetAttributes</key>
				<dict>
					<key>13B07F861A680F5B00A75B9A</key>
					<dict>
						<key>DevelopmentTeam</key>
						<string>TWVFHTEDSF</string>
					</dict>
					<key>C88173AD1B6FBB4E001330B7</key>
					<dict>
						<key>CreatedOnToolsVersion</key>
						<string>6.3.2</string>
						<key>TestTargetID</key>
						<string>13B07F861A680F5B00A75B9A</string>
					</dict>
				</dict>
			</dict>
			<key>buildConfigurationList</key>
			<string>83CBB9FA1A601CBA00E9B192</string>
			<key>compatibilityVersion</key>
			<string>Xcode 3.2</string>
			<key>developmentRegion</key>
			<string>English</string>
			<key>hasScannedForEncodings</key>
			<string>0</string>
			<key>isa</key>
			<string>PBXProject</string>
			<key>knownRegions</key>
			<array>
				<string>en</string>
				<string>Base</string>
			</array>
			<key>mainGroup</key>
			<string>83CBB9F61A601CBA00E9B192</string>
			<key>productRefGroup</key>
			<string>83CBBA001A601CBA00E9B192</string>
			<key>projectDirPath</key>
			<string></string>
			<key>projectReferences</key>
			<array>
				<dict>
					<key>ProductGroup</key>
					<string>8B08C5EC1CA00E6000961C8F</string>
					<key>ProjectRef</key>
					<string>8B08C5EB1CA00E6000961C8F</string>
				</dict>
				<dict>
					<key>ProductGroup</key>
					<string>8B856B9E1CAE55B000FE2959</string>
					<key>ProjectRef</key>
					<string>8B856B9D1CAE55B000FE2959</string>
				</dict>
				<dict>
					<key>ProductGroup</key>
					<string>565653F31CB4D7EC00436083</string>
					<key>ProjectRef</key>
					<string>565653F21CB4D7EC00436083</string>
				</dict>
				<dict>
					<key>ProductGroup</key>
					<string>8BB48A861C9AB9B6006D5BA2</string>
					<key>ProjectRef</key>
					<string>8BB48A851C9AB9B6006D5BA2</string>
				</dict>
			</array>
			<key>projectRoot</key>
			<string></string>
			<key>targets</key>
			<array>
				<string>13B07F861A680F5B00A75B9A</string>
				<string>C88173AD1B6FBB4E001330B7</string>
			</array>
		</dict>
		<key>83CBB9FA1A601CBA00E9B192</key>
		<dict>
			<key>buildConfigurations</key>
			<array>
				<string>83CBBA201A601CBA00E9B192</string>
				<string>83CBBA211A601CBA00E9B192</string>
			</array>
			<key>defaultConfigurationIsVisible</key>
			<string>0</string>
			<key>defaultConfigurationName</key>
			<string>Release</string>
			<key>isa</key>
			<string>XCConfigurationList</string>
		</dict>
		<key>83CBBA001A601CBA00E9B192</key>
		<dict>
			<key>children</key>
			<array>
				<string>13B07F961A680F5B00A75B9A</string>
				<string>C88173AE1B6FBB4E001330B7</string>
			</array>
			<key>isa</key>
			<string>PBXGroup</string>
			<key>name</key>
			<string>Products</string>
			<key>sourceTree</key>
			<string>&lt;group&gt;</string>
		</dict>
		<key>83CBBA201A601CBA00E9B192</key>
		<dict>
			<key>buildSettings</key>
			<dict>
				<key>ALWAYS_SEARCH_USER_PATHS</key>
				<string>NO</string>
				<key>CLANG_CXX_LANGUAGE_STANDARD</key>
				<string>gnu++0x</string>
				<key>CLANG_CXX_LIBRARY</key>
				<string>libc++</string>
				<key>CLANG_ENABLE_MODULES</key>
				<string>YES</string>
				<key>CLANG_ENABLE_OBJC_ARC</key>
				<string>YES</string>
				<key>CLANG_WARN_BOOL_CONVERSION</key>
				<string>YES</string>
				<key>CLANG_WARN_CONSTANT_CONVERSION</key>
				<string>YES</string>
				<key>CLANG_WARN_DIRECT_OBJC_ISA_USAGE</key>
				<string>YES_ERROR</string>
				<key>CLANG_WARN_EMPTY_BODY</key>
				<string>YES</string>
				<key>CLANG_WARN_ENUM_CONVERSION</key>
				<string>YES</string>
				<key>CLANG_WARN_INT_CONVERSION</key>
				<string>YES</string>
				<key>CLANG_WARN_OBJC_ROOT_CLASS</key>
				<string>YES_ERROR</string>
				<key>CLANG_WARN_UNREACHABLE_CODE</key>
				<string>YES</string>
				<key>CLANG_WARN__DUPLICATE_METHOD_MATCH</key>
				<string>YES</string>
				<key>CODE_SIGN_IDENTITY[sdk=iphoneos*]</key>
				<string>iPhone Developer</string>
				<key>COPY_PHASE_STRIP</key>
				<string>NO</string>
				<key>ENABLE_STRICT_OBJC_MSGSEND</key>
				<string>YES</string>
				<key>ENABLE_TESTABILITY</key>
				<string>YES</string>
				<key>GCC_C_LANGUAGE_STANDARD</key>
				<string>gnu99</string>
				<key>GCC_DYNAMIC_NO_PIC</key>
				<string>NO</string>
				<key>GCC_OPTIMIZATION_LEVEL</key>
				<string>0</string>
				<key>GCC_PREPROCESSOR_DEFINITIONS</key>
				<array>
					<string>DEBUG=1</string>
					<string>$(inherited)</string>
				</array>
				<key>GCC_SYMBOLS_PRIVATE_EXTERN</key>
				<string>NO</string>
				<key>GCC_WARN_64_TO_32_BIT_CONVERSION</key>
				<string>YES</string>
				<key>GCC_WARN_ABOUT_RETURN_TYPE</key>
				<string>YES_ERROR</string>
				<key>GCC_WARN_UNDECLARED_SELECTOR</key>
				<string>YES</string>
				<key>GCC_WARN_UNINITIALIZED_AUTOS</key>
				<string>YES_AGGRESSIVE</string>
				<key>GCC_WARN_UNUSED_FUNCTION</key>
				<string>YES</string>
				<key>GCC_WARN_UNUSED_VARIABLE</key>
				<string>YES</string>
				<key>IPHONEOS_DEPLOYMENT_TARGET</key>
				<string>8.0</string>
				<key>MTL_ENABLE_DEBUG_INFO</key>
				<string>YES</string>
				<key>ONLY_ACTIVE_ARCH</key>
				<string>YES</string>
				<key>SDKROOT</key>
				<string>iphoneos</string>
			</dict>
			<key>isa</key>
			<string>XCBuildConfiguration</string>
			<key>name</key>
			<string>Debug</string>
		</dict>
		<key>83CBBA211A601CBA00E9B192</key>
		<dict>
			<key>buildSettings</key>
			<dict>
				<key>ALWAYS_SEARCH_USER_PATHS</key>
				<string>NO</string>
				<key>CLANG_CXX_LANGUAGE_STANDARD</key>
				<string>gnu++0x</string>
				<key>CLANG_CXX_LIBRARY</key>
				<string>libc++</string>
				<key>CLANG_ENABLE_MODULES</key>
				<string>YES</string>
				<key>CLANG_ENABLE_OBJC_ARC</key>
				<string>YES</string>
				<key>CLANG_WARN_BOOL_CONVERSION</key>
				<string>YES</string>
				<key>CLANG_WARN_CONSTANT_CONVERSION</key>
				<string>YES</string>
				<key>CLANG_WARN_DIRECT_OBJC_ISA_USAGE</key>
				<string>YES_ERROR</string>
				<key>CLANG_WARN_EMPTY_BODY</key>
				<string>YES</string>
				<key>CLANG_WARN_ENUM_CONVERSION</key>
				<string>YES</string>
				<key>CLANG_WARN_INT_CONVERSION</key>
				<string>YES</string>
				<key>CLANG_WARN_OBJC_ROOT_CLASS</key>
				<string>YES_ERROR</string>
				<key>CLANG_WARN_UNREACHABLE_CODE</key>
				<string>YES</string>
				<key>CLANG_WARN__DUPLICATE_METHOD_MATCH</key>
				<string>YES</string>
				<key>CODE_SIGN_IDENTITY[sdk=iphoneos*]</key>
				<string>iPhone Developer</string>
				<key>COPY_PHASE_STRIP</key>
				<string>YES</string>
				<key>ENABLE_NS_ASSERTIONS</key>
				<string>NO</string>
				<key>ENABLE_STRICT_OBJC_MSGSEND</key>
				<string>YES</string>
				<key>GCC_C_LANGUAGE_STANDARD</key>
				<string>gnu99</string>
				<key>GCC_WARN_64_TO_32_BIT_CONVERSION</key>
				<string>YES</string>
				<key>GCC_WARN_ABOUT_RETURN_TYPE</key>
				<string>YES_ERROR</string>
				<key>GCC_WARN_UNDECLARED_SELECTOR</key>
				<string>YES</string>
				<key>GCC_WARN_UNINITIALIZED_AUTOS</key>
				<string>YES_AGGRESSIVE</string>
				<key>GCC_WARN_UNUSED_FUNCTION</key>
				<string>YES</string>
				<key>GCC_WARN_UNUSED_VARIABLE</key>
				<string>YES</string>
				<key>IPHONEOS_DEPLOYMENT_TARGET</key>
				<string>8.0</string>
				<key>MTL_ENABLE_DEBUG_INFO</key>
				<string>NO</string>
				<key>SDKROOT</key>
				<string>iphoneos</string>
				<key>VALIDATE_PRODUCT</key>
				<string>YES</string>
			</dict>
			<key>isa</key>
			<string>XCBuildConfiguration</string>
			<key>name</key>
			<string>Release</string>
		</dict>
		<key>866E459E0BEF6E3A2918DEA3</key>
		<dict>
			<key>children</key>
			<array>
				<string>02D16E299F8C1E6677082A1A</string>
				<string>131D1B488A58565035FA025A</string>
			</array>
			<key>isa</key>
			<string>PBXGroup</string>
			<key>name</key>
			<string>Pods</string>
			<key>sourceTree</key>
			<string>&lt;group&gt;</string>
		</dict>
		<key>8B08C5EB1CA00E6000961C8F</key>
		<dict>
			<key>isa</key>
			<string>PBXFileReference</string>
			<key>lastKnownFileType</key>
			<string>wrapper.pb-project</string>
			<key>name</key>
			<string>BVLinearGradient.xcodeproj</string>
			<key>path</key>
			<string>node_modules/react-native-linear-gradient/BVLinearGradient.xcodeproj</string>
			<key>sourceTree</key>
			<string>&lt;group&gt;</string>
		</dict>
		<key>8B08C5EC1CA00E6000961C8F</key>
		<dict>
			<key>children</key>
			<array>
				<string>8B08C5F01CA00E6000961C8F</string>
			</array>
			<key>isa</key>
			<string>PBXGroup</string>
			<key>name</key>
			<string>Products</string>
			<key>sourceTree</key>
			<string>&lt;group&gt;</string>
		</dict>
		<key>8B08C5EF1CA00E6000961C8F</key>
		<dict>
			<key>containerPortal</key>
			<string>8B08C5EB1CA00E6000961C8F</string>
			<key>isa</key>
			<string>PBXContainerItemProxy</string>
			<key>proxyType</key>
			<string>2</string>
			<key>remoteGlobalIDString</key>
			<string>134814201AA4EA6300B7C361</string>
			<key>remoteInfo</key>
			<string>BVLinearGradient</string>
		</dict>
		<key>8B08C5F01CA00E6000961C8F</key>
		<dict>
			<key>fileType</key>
			<string>archive.ar</string>
			<key>isa</key>
			<string>PBXReferenceProxy</string>
			<key>path</key>
			<string>libBVLinearGradient.a</string>
			<key>remoteRef</key>
			<string>8B08C5EF1CA00E6000961C8F</string>
			<key>sourceTree</key>
			<string>BUILT_PRODUCTS_DIR</string>
		</dict>
		<key>8B08C5F21CA00E7600961C8F</key>
		<dict>
			<key>fileRef</key>
			<string>8B08C5F01CA00E6000961C8F</string>
			<key>isa</key>
			<string>PBXBuildFile</string>
		</dict>
		<key>8B856B9D1CAE55B000FE2959</key>
		<dict>
			<key>isa</key>
			<string>PBXFileReference</string>
			<key>lastKnownFileType</key>
			<string>wrapper.pb-project</string>
			<key>name</key>
			<string>RCTGeolocation.xcodeproj</string>
			<key>path</key>
			<string>node_modules/react-native/Libraries/Geolocation/RCTGeolocation.xcodeproj</string>
			<key>sourceTree</key>
			<string>&lt;group&gt;</string>
		</dict>
		<key>8B856B9E1CAE55B000FE2959</key>
		<dict>
			<key>children</key>
			<array>
				<string>8B856BA31CAE55B000FE2959</string>
			</array>
			<key>isa</key>
			<string>PBXGroup</string>
			<key>name</key>
			<string>Products</string>
			<key>sourceTree</key>
			<string>&lt;group&gt;</string>
		</dict>
		<key>8B856BA21CAE55B000FE2959</key>
		<dict>
			<key>containerPortal</key>
			<string>8B856B9D1CAE55B000FE2959</string>
			<key>isa</key>
			<string>PBXContainerItemProxy</string>
			<key>proxyType</key>
			<string>2</string>
			<key>remoteGlobalIDString</key>
			<string>134814201AA4EA6300B7C361</string>
			<key>remoteInfo</key>
			<string>RCTGeolocation</string>
		</dict>
		<key>8B856BA31CAE55B000FE2959</key>
		<dict>
			<key>fileType</key>
			<string>archive.ar</string>
			<key>isa</key>
			<string>PBXReferenceProxy</string>
			<key>path</key>
			<string>libRCTGeolocation.a</string>
			<key>remoteRef</key>
			<string>8B856BA21CAE55B000FE2959</string>
			<key>sourceTree</key>
			<string>BUILT_PRODUCTS_DIR</string>
		</dict>
		<key>8B856BA51CAE55C300FE2959</key>
		<dict>
			<key>fileRef</key>
			<string>8B856BA31CAE55B000FE2959</string>
			<key>isa</key>
			<string>PBXBuildFile</string>
		</dict>
		<key>8BB48A841C9AB8C9006D5BA2</key>
		<dict>
			<key>children</key>
			<array>
				<string>565653F21CB4D7EC00436083</string>
				<string>8B856B9D1CAE55B000FE2959</string>
				<string>8B08C5EB1CA00E6000961C8F</string>
				<string>8BB48A851C9AB9B6006D5BA2</string>
			</array>
			<key>isa</key>
			<string>PBXGroup</string>
			<key>name</key>
			<string>Libraries</string>
			<key>sourceTree</key>
			<string>&lt;group&gt;</string>
		</dict>
		<key>8BB48A851C9AB9B6006D5BA2</key>
		<dict>
			<key>isa</key>
			<string>PBXFileReference</string>
			<key>lastKnownFileType</key>
			<string>wrapper.pb-project</string>
			<key>name</key>
			<string>RNSearchBar.xcodeproj</string>
			<key>path</key>
			<string>node_modules/react-native-search-bar/RNSearchBar.xcodeproj</string>
			<key>sourceTree</key>
			<string>&lt;group&gt;</string>
		</dict>
		<key>8BB48A861C9AB9B6006D5BA2</key>
		<dict>
			<key>children</key>
			<array>
				<string>8BB48A8A1C9AB9B6006D5BA2</string>
			</array>
			<key>isa</key>
			<string>PBXGroup</string>
			<key>name</key>
			<string>Products</string>
			<key>sourceTree</key>
			<string>&lt;group&gt;</string>
		</dict>
		<key>8BB48A891C9AB9B6006D5BA2</key>
		<dict>
			<key>containerPortal</key>
			<string>8BB48A851C9AB9B6006D5BA2</string>
			<key>isa</key>
			<string>PBXContainerItemProxy</string>
			<key>proxyType</key>
			<string>2</string>
			<key>remoteGlobalIDString</key>
			<string>134814201AA4EA6300B7C361</string>
			<key>remoteInfo</key>
			<string>RNSearchBar</string>
		</dict>
		<key>8BB48A8A1C9AB9B6006D5BA2</key>
		<dict>
			<key>fileType</key>
			<string>archive.ar</string>
			<key>isa</key>
			<string>PBXReferenceProxy</string>
			<key>path</key>
			<string>libRNSearchBar.a</string>
			<key>remoteRef</key>
			<string>8BB48A891C9AB9B6006D5BA2</string>
			<key>sourceTree</key>
			<string>BUILT_PRODUCTS_DIR</string>
		</dict>
		<key>8BB48A8B1C9ABA00006D5BA2</key>
		<dict>
			<key>fileRef</key>
			<string>8BB48A8A1C9AB9B6006D5BA2</string>
			<key>isa</key>
			<string>PBXBuildFile</string>
		</dict>
		<key>AD0284517E5D4AA786B3BEF5</key>
		<dict>
			<key>children</key>
			<array>
				<string>15C4B705BE9CD44C2DE4C35D</string>
			</array>
			<key>isa</key>
			<string>PBXGroup</string>
			<key>name</key>
			<string>Frameworks</string>
			<key>sourceTree</key>
			<string>&lt;group&gt;</string>
		</dict>
		<key>AD7939BF285FD047AC833537</key>
		<dict>
			<key>buildActionMask</key>
			<string>2147483647</string>
			<key>files</key>
			<array/>
			<key>inputPaths</key>
			<array/>
			<key>isa</key>
			<string>PBXShellScriptBuildPhase</string>
			<key>name</key>
			<string>&#128230; Embed Pods Frameworks</string>
			<key>outputPaths</key>
			<array/>
			<key>runOnlyForDeploymentPostprocessing</key>
			<string>0</string>
			<key>shellPath</key>
			<string>/bin/sh</string>
			<key>shellScript</key>
			<string>"${SRCROOT}/Pods/Target Support Files/Pods-TradeMuch/Pods-TradeMuch-frameworks.sh"
</string>
			<key>showEnvVarsInLog</key>
			<string>0</string>
		</dict>
		<key>C87A08241B683A3800075643</key>
		<dict>
			<key>isa</key>
			<string>PBXFileReference</string>
			<key>lastKnownFileType</key>
			<string>image.png</string>
			<key>path</key>
			<string>plutoBack.png</string>
			<key>sourceTree</key>
			<string>&lt;group&gt;</string>
		</dict>
		<key>C87A08251B683A3800075643</key>
		<dict>
			<key>fileRef</key>
			<string>C87A08241B683A3800075643</string>
			<key>isa</key>
			<string>PBXBuildFile</string>
		</dict>
		<key>C88173AA1B6FBB4E001330B7</key>
		<dict>
			<key>buildActionMask</key>
			<string>2147483647</string>
			<key>files</key>
			<array>
				<string>C88173CE1B6FBBEB001330B7</string>
			</array>
			<key>isa</key>
			<string>PBXSourcesBuildPhase</string>
			<key>runOnlyForDeploymentPostprocessing</key>
			<string>0</string>
		</dict>
		<key>C88173AB1B6FBB4E001330B7</key>
		<dict>
			<key>buildActionMask</key>
			<string>2147483647</string>
			<key>files</key>
			<array/>
			<key>isa</key>
			<string>PBXFrameworksBuildPhase</string>
			<key>runOnlyForDeploymentPostprocessing</key>
			<string>0</string>
		</dict>
		<key>C88173AC1B6FBB4E001330B7</key>
		<dict>
			<key>buildActionMask</key>
			<string>2147483647</string>
			<key>files</key>
			<array/>
			<key>isa</key>
			<string>PBXResourcesBuildPhase</string>
			<key>runOnlyForDeploymentPostprocessing</key>
			<string>0</string>
		</dict>
		<key>C88173AD1B6FBB4E001330B7</key>
		<dict>
			<key>buildConfigurationList</key>
			<string>C88173C21B6FBB4E001330B7</string>
			<key>buildPhases</key>
			<array>
				<string>C88173AA1B6FBB4E001330B7</string>
				<string>C88173AB1B6FBB4E001330B7</string>
				<string>C88173AC1B6FBB4E001330B7</string>
			</array>
			<key>buildRules</key>
			<array/>
			<key>dependencies</key>
			<array>
				<string>C88173B51B6FBB4E001330B7</string>
			</array>
			<key>isa</key>
			<string>PBXNativeTarget</string>
			<key>name</key>
			<string>TradeMuchTests</string>
			<key>productName</key>
			<string>TradeMuchTests</string>
			<key>productReference</key>
			<string>C88173AE1B6FBB4E001330B7</string>
			<key>productType</key>
			<string>com.apple.product-type.bundle.unit-test</string>
		</dict>
		<key>C88173AE1B6FBB4E001330B7</key>
		<dict>
			<key>explicitFileType</key>
			<string>wrapper.cfbundle</string>
			<key>includeInIndex</key>
			<string>0</string>
			<key>isa</key>
			<string>PBXFileReference</string>
			<key>path</key>
			<string>TradeMuchTests.xctest</string>
			<key>sourceTree</key>
			<string>BUILT_PRODUCTS_DIR</string>
		</dict>
		<key>C88173AF1B6FBB4E001330B7</key>
		<dict>
			<key>children</key>
			<array>
				<string>C88173B01B6FBB4E001330B7</string>
				<string>C88173CD1B6FBBEB001330B7</string>
			</array>
			<key>isa</key>
			<string>PBXGroup</string>
			<key>path</key>
			<string>TradeMuchTests</string>
			<key>sourceTree</key>
			<string>&lt;group&gt;</string>
		</dict>
		<key>C88173B01B6FBB4E001330B7</key>
		<dict>
			<key>children</key>
			<array>
				<string>C88173B11B6FBB4E001330B7</string>
			</array>
			<key>isa</key>
			<string>PBXGroup</string>
			<key>name</key>
			<string>Supporting Files</string>
			<key>sourceTree</key>
			<string>&lt;group&gt;</string>
		</dict>
		<key>C88173B11B6FBB4E001330B7</key>
		<dict>
			<key>isa</key>
			<string>PBXFileReference</string>
			<key>lastKnownFileType</key>
			<string>text.plist.xml</string>
			<key>path</key>
			<string>Info.plist</string>
			<key>sourceTree</key>
			<string>&lt;group&gt;</string>
		</dict>
		<key>C88173B41B6FBB4E001330B7</key>
		<dict>
			<key>containerPortal</key>
			<string>83CBB9F71A601CBA00E9B192</string>
			<key>isa</key>
			<string>PBXContainerItemProxy</string>
			<key>proxyType</key>
			<string>1</string>
			<key>remoteGlobalIDString</key>
			<string>13B07F861A680F5B00A75B9A</string>
			<key>remoteInfo</key>
			<string>TradeMuch</string>
		</dict>
		<key>C88173B51B6FBB4E001330B7</key>
		<dict>
			<key>isa</key>
			<string>PBXTargetDependency</string>
			<key>target</key>
			<string>13B07F861A680F5B00A75B9A</string>
			<key>targetProxy</key>
			<string>C88173B41B6FBB4E001330B7</string>
		</dict>
		<key>C88173B61B6FBB4E001330B7</key>
		<dict>
			<key>buildSettings</key>
			<dict>
				<key>BUNDLE_LOADER</key>
				<string>$(TEST_HOST)</string>
				<key>DEBUG_INFORMATION_FORMAT</key>
				<string>dwarf-with-dsym</string>
				<key>GCC_NO_COMMON_BLOCKS</key>
				<string>YES</string>
				<key>GCC_PREPROCESSOR_DEFINITIONS</key>
				<array>
					<string>DEBUG=1</string>
					<string>$(inherited)</string>
				</array>
				<key>HEADER_SEARCH_PATHS</key>
				<array>
					<string>$(inherited)</string>
					<string>/Applications/Xcode.app/Contents/Developer/Toolchains/XcodeDefault.xctoolchain/usr/include</string>
					<string>$(SRCROOT)/Pods/Headers/Public/**</string>
					<string>$(SRCROOT)/node_modules/react-native-vector-icons/RNVectorIconsManager</string>
				</array>
				<key>INFOPLIST_FILE</key>
				<string>TradeMuchTests/Info.plist</string>
				<key>IPHONEOS_DEPLOYMENT_TARGET</key>
				<string>8.3</string>
				<key>PRODUCT_BUNDLE_IDENTIFIER</key>
				<string>com.facebook.$(PRODUCT_NAME:rfc1034identifier)</string>
				<key>PRODUCT_NAME</key>
				<string>$(TARGET_NAME)</string>
				<key>TEST_HOST</key>
				<string>$(BUILT_PRODUCTS_DIR)/TradeMuch.app/TradeMuch</string>
			</dict>
			<key>isa</key>
			<string>XCBuildConfiguration</string>
			<key>name</key>
			<string>Debug</string>
		</dict>
		<key>C88173B71B6FBB4E001330B7</key>
		<dict>
			<key>buildSettings</key>
			<dict>
				<key>BUNDLE_LOADER</key>
				<string>$(TEST_HOST)</string>
				<key>COPY_PHASE_STRIP</key>
				<string>NO</string>
				<key>DEBUG_INFORMATION_FORMAT</key>
				<string>dwarf-with-dsym</string>
				<key>GCC_NO_COMMON_BLOCKS</key>
				<string>YES</string>
				<key>HEADER_SEARCH_PATHS</key>
				<array>
					<string>$(inherited)</string>
					<string>/Applications/Xcode.app/Contents/Developer/Toolchains/XcodeDefault.xctoolchain/usr/include</string>
					<string>$(SRCROOT)/Pods/Headers/Public/**</string>
					<string>$(SRCROOT)/node_modules/react-native-vector-icons/RNVectorIconsManager</string>
				</array>
				<key>INFOPLIST_FILE</key>
				<string>TradeMuchTests/Info.plist</string>
				<key>IPHONEOS_DEPLOYMENT_TARGET</key>
				<string>8.3</string>
				<key>PRODUCT_BUNDLE_IDENTIFIER</key>
				<string>com.facebook.$(PRODUCT_NAME:rfc1034identifier)</string>
				<key>PRODUCT_NAME</key>
				<string>$(TARGET_NAME)</string>
				<key>TEST_HOST</key>
				<string>$(BUILT_PRODUCTS_DIR)/TradeMuch.app/TradeMuch</string>
			</dict>
			<key>isa</key>
			<string>XCBuildConfiguration</string>
			<key>name</key>
			<string>Release</string>
		</dict>
		<key>C88173C21B6FBB4E001330B7</key>
		<dict>
			<key>buildConfigurations</key>
			<array>
				<string>C88173B61B6FBB4E001330B7</string>
				<string>C88173B71B6FBB4E001330B7</string>
			</array>
			<key>defaultConfigurationIsVisible</key>
			<string>0</string>
			<key>defaultConfigurationName</key>
			<string>Release</string>
			<key>isa</key>
			<string>XCConfigurationList</string>
		</dict>
		<key>C88173CD1B6FBBEB001330B7</key>
		<dict>
			<key>fileEncoding</key>
			<string>4</string>
			<key>isa</key>
			<string>PBXFileReference</string>
			<key>lastKnownFileType</key>
			<string>sourcecode.c.objc</string>
			<key>path</key>
			<string>RCTFBSDKShareTests.m</string>
			<key>sourceTree</key>
			<string>&lt;group&gt;</string>
		</dict>
		<key>C88173CE1B6FBBEB001330B7</key>
		<dict>
			<key>fileRef</key>
			<string>C88173CD1B6FBBEB001330B7</string>
			<key>isa</key>
			<string>PBXBuildFile</string>
		</dict>
		<key>D5B9DC827F1D454281293ABA</key>
		<dict>
			<key>fileRef</key>
			<string>2A61B272EAD74DEFB26FFA16</string>
			<key>isa</key>
			<string>PBXBuildFile</string>
		</dict>
		<key>DC4C907CF447B44761FDD522</key>
		<dict>
			<key>buildActionMask</key>
			<string>2147483647</string>
			<key>files</key>
			<array/>
			<key>inputPaths</key>
			<array/>
			<key>isa</key>
			<string>PBXShellScriptBuildPhase</string>
			<key>name</key>
			<string>&#128230; Copy Pods Resources</string>
			<key>outputPaths</key>
			<array/>
			<key>runOnlyForDeploymentPostprocessing</key>
			<string>0</string>
			<key>shellPath</key>
			<string>/bin/sh</string>
			<key>shellScript</key>
			<string>"${SRCROOT}/Pods/Target Support Files/Pods-TradeMuch/Pods-TradeMuch-resources.sh"
</string>
			<key>showEnvVarsInLog</key>
			<string>0</string>
		</dict>
		<key>EEB1A596C59946B3BBC6DDBA</key>
		<dict>
			<key>fileRef</key>
			<string>18466B76EA2F45FD9DB88922</string>
			<key>isa</key>
			<string>PBXBuildFile</string>
		</dict>
		<key>EFDE5E38EF7B424A9D7345CA</key>
		<dict>
			<key>fileRef</key>
			<string>81205198C36449819B8EB261</string>
			<key>isa</key>
			<string>PBXBuildFile</string>
		</dict>
		<key>F6FF10ABDD4C47399D482D3A</key>
		<dict>
			<key>explicitFileType</key>
			<string>undefined</string>
			<key>fileEncoding</key>
			<string>9</string>
			<key>includeInIndex</key>
			<string>0</string>
			<key>isa</key>
			<string>PBXFileReference</string>
			<key>lastKnownFileType</key>
			<string>unknown</string>
			<key>name</key>
			<string>Zocial.ttf</string>
			<key>path</key>
			<string>node_modules/react-native-vector-icons/Fonts/Zocial.ttf</string>
			<key>sourceTree</key>
			<string>&lt;group&gt;</string>
		</dict>
		<key>FD3E2498D9524CBBBE7A7897</key>
		<dict>
			<key>explicitFileType</key>
			<string>undefined</string>
			<key>fileEncoding</key>
			<string>9</string>
			<key>includeInIndex</key>
			<string>0</string>
			<key>isa</key>
			<string>PBXFileReference</string>
			<key>lastKnownFileType</key>
			<string>unknown</string>
			<key>name</key>
			<string>Ionicons.ttf</string>
			<key>path</key>
			<string>node_modules/react-native-vector-icons/Fonts/Ionicons.ttf</string>
			<key>sourceTree</key>
			<string>&lt;group&gt;</string>
		</dict>
	</dict>
	<key>rootObject</key>
	<string>83CBB9F71A601CBA00E9B192</string>
</dict>
</plist>
