// !$*UTF8*$!
{
	archiveVersion = 1;
	classes = {
	};
	objectVersion = 46;
	objects = {

/* Begin PBXBuildFile section */
		0EAE332B9B454F77AB220D3B /* Foundation.ttf in Resources */ = {isa = PBXBuildFile; fileRef = 270B96237F85409A983BF4CB /* Foundation.ttf */; };
		13B07FBC1A68108700A75B9A /* AppDelegate.m in Sources */ = {isa = PBXBuildFile; fileRef = 13B07FB01A68108700A75B9A /* AppDelegate.m */; };
		13B07FBF1A68108700A75B9A /* Images.xcassets in Resources */ = {isa = PBXBuildFile; fileRef = 13B07FB51A68108700A75B9A /* Images.xcassets */; };
		13B07FC11A68108700A75B9A /* main.m in Sources */ = {isa = PBXBuildFile; fileRef = 13B07FB71A68108700A75B9A /* main.m */; };
		15D9912F0DD14BEFA5F72C29 /* Ionicons.ttf in Resources */ = {isa = PBXBuildFile; fileRef = FD3E2498D9524CBBBE7A7897 /* Ionicons.ttf */; };
		279438304F2B4A8ABBEB792C /* libRNBlur.a in Frameworks */ = {isa = PBXBuildFile; fileRef = D9706C96D0904CA99D48D546 /* libRNBlur.a */; };
		3966F38C4D994A1EACC361CF /* libSMXCrashlytics.a in Frameworks */ = {isa = PBXBuildFile; fileRef = B9A4096C9E754756927A9E3A /* libSMXCrashlytics.a */; };
		40E45189B9D14C64BC03B9F8 /* Zocial.ttf in Resources */ = {isa = PBXBuildFile; fileRef = F6FF10ABDD4C47399D482D3A /* Zocial.ttf */; };
		4130FBD745514CFCBCC5A4F7 /* MaterialIcons.ttf in Resources */ = {isa = PBXBuildFile; fileRef = 6C0814D5C4CB4DF38BD717EB /* MaterialIcons.ttf */; };
		51898EAC8A9E4F79ABD06331 /* Octicons.ttf in Resources */ = {isa = PBXBuildFile; fileRef = 73505FE73B2F4879A54B9EB4 /* Octicons.ttf */; };
		569A9F8E1CBF4AC600F47FFA /* main.jsbundle in Resources */ = {isa = PBXBuildFile; fileRef = 569A9F8D1CBF4AC600F47FFA /* main.jsbundle */; };
		6D1A58BE1CE099A8007F8EA7 /* libRCTLinking.a in Frameworks */ = {isa = PBXBuildFile; fileRef = 6DCC0DE31CE0870500F8D95D /* libRCTLinking.a */; };
		6D1A58BF1CE09A7A007F8EA7 /* libBVLinearGradient.a in Frameworks */ = {isa = PBXBuildFile; fileRef = 6DCC0DD91CE086B900F8D95D /* libBVLinearGradient.a */; };
		6DA693B71CBF71B500B42EE4 /* Orientation.m in Sources */ = {isa = PBXBuildFile; fileRef = 6DA693B61CBF71B500B42EE4 /* Orientation.m */; };
		6DD544111CE0940000771E57 /* libRNSearchBar.a in Frameworks */ = {isa = PBXBuildFile; fileRef = 6DCC0DD41CE0868300F8D95D /* libRNSearchBar.a */; };
		6DD544661CE097C300771E57 /* libRCTGeolocation.a in Frameworks */ = {isa = PBXBuildFile; fileRef = 6DD544501CE096CB00771E57 /* libRCTGeolocation.a */; };
		6DD544691CE097FF00771E57 /* libRNVectorIcons.a in Frameworks */ = {isa = PBXBuildFile; fileRef = 6DD544681CE097FF00771E57 /* libRNVectorIcons.a */; };
		6DD5446A1CE0983000771E57 /* libRCTCamera.a in Frameworks */ = {isa = PBXBuildFile; fileRef = 6DD5442B1CE0946600771E57 /* libRCTCamera.a */; };
		7DD16E341A0E42C8BB666D4A /* EvilIcons.ttf in Resources */ = {isa = PBXBuildFile; fileRef = 2271A41F1F4340AEB0EF98B4 /* EvilIcons.ttf */; };
		84DF14BB79DA652AFD07A466 /* libPods-TradeMuch.a in Frameworks */ = {isa = PBXBuildFile; fileRef = 15C4B705BE9CD44C2DE4C35D /* libPods-TradeMuch.a */; };
		8BE3C6C91CE18B3E00B335F9 /* Fabric.framework in Frameworks */ = {isa = PBXBuildFile; fileRef = 8BE3C6C71CE18B3E00B335F9 /* Fabric.framework */; };
		8BE3C6CA1CE18B3E00B335F9 /* Crashlytics.framework in Frameworks */ = {isa = PBXBuildFile; fileRef = 8BE3C6C81CE18B3E00B335F9 /* Crashlytics.framework */; };
		8BEB30F71CE1E400002A2383 /* metadata.json in Resources */ = {isa = PBXBuildFile; fileRef = 8BEB30F61CE1E400002A2383 /* metadata.json */; };
		909D55582FF84695972FE971 /* libReactNativeAutoUpdater.a in Frameworks */ = {isa = PBXBuildFile; fileRef = F7317F883A7A4129B6679506 /* libReactNativeAutoUpdater.a */; };
		C87A08251B683A3800075643 /* plutoBack.png in Resources */ = {isa = PBXBuildFile; fileRef = C87A08241B683A3800075643 /* plutoBack.png */; };
		C88173CE1B6FBBEB001330B7 /* RCTFBSDKShareTests.m in Sources */ = {isa = PBXBuildFile; fileRef = C88173CD1B6FBBEB001330B7 /* RCTFBSDKShareTests.m */; };
		D5B9DC827F1D454281293ABA /* Entypo.ttf in Resources */ = {isa = PBXBuildFile; fileRef = 2A61B272EAD74DEFB26FFA16 /* Entypo.ttf */; };
		EEB1A596C59946B3BBC6DDBA /* FontAwesome.ttf in Resources */ = {isa = PBXBuildFile; fileRef = 18466B76EA2F45FD9DB88922 /* FontAwesome.ttf */; };
/* End PBXBuildFile section */

/* Begin PBXContainerItemProxy section */
		6DCC0DD31CE0868300F8D95D /* PBXContainerItemProxy */ = {
			isa = PBXContainerItemProxy;
			containerPortal = 8BB48A851C9AB9B6006D5BA2 /* RNSearchBar.xcodeproj */;
			proxyType = 2;
			remoteGlobalIDString = 134814201AA4EA6300B7C361;
			remoteInfo = RNSearchBar;
		};
		6DCC0DD81CE086B900F8D95D /* PBXContainerItemProxy */ = {
			isa = PBXContainerItemProxy;
			containerPortal = 8B08C5EB1CA00E6000961C8F /* BVLinearGradient.xcodeproj */;
			proxyType = 2;
			remoteGlobalIDString = 134814201AA4EA6300B7C361;
			remoteInfo = BVLinearGradient;
		};
		6DCC0DE21CE0870500F8D95D /* PBXContainerItemProxy */ = {
			isa = PBXContainerItemProxy;
			containerPortal = 565653F21CB4D7EC00436083 /* RCTLinking.xcodeproj */;
			proxyType = 2;
			remoteGlobalIDString = 134814201AA4EA6300B7C361;
			remoteInfo = RCTLinking;
		};
		6DD5441F1CE0946600771E57 /* PBXContainerItemProxy */ = {
			isa = PBXContainerItemProxy;
			containerPortal = D5DA56FB930F4A3AA8D3E090 /* RNImagePicker.xcodeproj */;
			proxyType = 2;
			remoteGlobalIDString = 014A3B5C1C6CF33500B6D375;
			remoteInfo = RNImagePicker;
		};
		6DD5442A1CE0946600771E57 /* PBXContainerItemProxy */ = {
			isa = PBXContainerItemProxy;
			containerPortal = 8C13FA0BA79C49B3AB5122CC /* RCTCamera.xcodeproj */;
			proxyType = 2;
			remoteGlobalIDString = 4107012F1ACB723B00C6AA39;
			remoteInfo = RCTCamera;
		};
		6DD5442F1CE0946600771E57 /* PBXContainerItemProxy */ = {
			isa = PBXContainerItemProxy;
			containerPortal = 2497B88BB8F94C859F2F74A4 /* RNVectorIcons.xcodeproj */;
			proxyType = 2;
			remoteGlobalIDString = 5DBEB1501B18CEA900B34395;
			remoteInfo = RNVectorIcons;
		};
		6DD5444F1CE096CB00771E57 /* PBXContainerItemProxy */ = {
			isa = PBXContainerItemProxy;
			containerPortal = 6DD544481CE096CA00771E57 /* RCTGeolocation.xcodeproj */;
			proxyType = 2;
			remoteGlobalIDString = 134814201AA4EA6300B7C361;
			remoteInfo = RCTGeolocation;
		};
		8BAD13811CF55B4F00E97E3C /* PBXContainerItemProxy */ = {
			isa = PBXContainerItemProxy;
			containerPortal = 619E2A179D904B279A38204A /* RNBlur.xcodeproj */;
			proxyType = 2;
			remoteGlobalIDString = A68BD7BC1BC31318005F02DF;
			remoteInfo = RNBlur;
		};
		8BE3C6DC1CE18C6100B335F9 /* PBXContainerItemProxy */ = {
			isa = PBXContainerItemProxy;
			containerPortal = 1D4C60C619284A0692E9EB4D /* SMXCrashlytics.xcodeproj */;
			proxyType = 2;
			remoteGlobalIDString = D8D9DB831C6D03DB009FBC0E;
			remoteInfo = SMXCrashlytics;
		};
		8BE3C6F51CE1C5E200B335F9 /* PBXContainerItemProxy */ = {
			isa = PBXContainerItemProxy;
			containerPortal = B20AB10823B14CD890950B84 /* ReactNativeAutoUpdater.xcodeproj */;
			proxyType = 2;
			remoteGlobalIDString = B781E74E1C52EC0100F23A25;
			remoteInfo = ReactNativeAutoUpdater;
		};
		C88173B41B6FBB4E001330B7 /* PBXContainerItemProxy */ = {
			isa = PBXContainerItemProxy;
			containerPortal = 83CBB9F71A601CBA00E9B192 /* Project object */;
			proxyType = 1;
			remoteGlobalIDString = 13B07F861A680F5B00A75B9A;
			remoteInfo = TradeMuch;
		};
/* End PBXContainerItemProxy section */

/* Begin PBXFileReference section */
		02D16E299F8C1E6677082A1A /* Pods-TradeMuch.debug.xcconfig */ = {isa = PBXFileReference; includeInIndex = 1; lastKnownFileType = text.xcconfig; name = "Pods-TradeMuch.debug.xcconfig"; path = "Pods/Target Support Files/Pods-TradeMuch/Pods-TradeMuch.debug.xcconfig"; sourceTree = "<group>"; };
		131D1B488A58565035FA025A /* Pods-TradeMuch.release.xcconfig */ = {isa = PBXFileReference; includeInIndex = 1; lastKnownFileType = text.xcconfig; name = "Pods-TradeMuch.release.xcconfig"; path = "Pods/Target Support Files/Pods-TradeMuch/Pods-TradeMuch.release.xcconfig"; sourceTree = "<group>"; };
		13B07F961A680F5B00A75B9A /* TradeMuch.app */ = {isa = PBXFileReference; explicitFileType = wrapper.application; includeInIndex = 0; path = TradeMuch.app; sourceTree = BUILT_PRODUCTS_DIR; };
		13B07FAF1A68108700A75B9A /* AppDelegate.h */ = {isa = PBXFileReference; fileEncoding = 4; lastKnownFileType = sourcecode.c.h; path = AppDelegate.h; sourceTree = "<group>"; };
		13B07FB01A68108700A75B9A /* AppDelegate.m */ = {isa = PBXFileReference; fileEncoding = 4; lastKnownFileType = sourcecode.c.objc; path = AppDelegate.m; sourceTree = "<group>"; };
		13B07FB51A68108700A75B9A /* Images.xcassets */ = {isa = PBXFileReference; lastKnownFileType = folder.assetcatalog; path = Images.xcassets; sourceTree = "<group>"; };
		13B07FB61A68108700A75B9A /* Info.plist */ = {isa = PBXFileReference; fileEncoding = 4; lastKnownFileType = text.plist.xml; path = Info.plist; sourceTree = "<group>"; };
		13B07FB71A68108700A75B9A /* main.m */ = {isa = PBXFileReference; fileEncoding = 4; lastKnownFileType = sourcecode.c.objc; path = main.m; sourceTree = "<group>"; };
		15C4B705BE9CD44C2DE4C35D /* libPods-TradeMuch.a */ = {isa = PBXFileReference; explicitFileType = archive.ar; includeInIndex = 0; path = "libPods-TradeMuch.a"; sourceTree = BUILT_PRODUCTS_DIR; };
		18466B76EA2F45FD9DB88922 /* FontAwesome.ttf */ = {isa = PBXFileReference; explicitFileType = undefined; fileEncoding = 9; includeInIndex = 0; lastKnownFileType = file; name = FontAwesome.ttf; path = "../node_modules/react-native-vector-icons/Fonts/FontAwesome.ttf"; sourceTree = "<group>"; };
		1D4C60C619284A0692E9EB4D /* SMXCrashlytics.xcodeproj */ = {isa = PBXFileReference; explicitFileType = undefined; fileEncoding = 9; includeInIndex = 0; lastKnownFileType = "wrapper.pb-project"; name = SMXCrashlytics.xcodeproj; path = "../node_modules/react-native-fabric/ios/SMXCrashlytics.xcodeproj"; sourceTree = "<group>"; };
		2271A41F1F4340AEB0EF98B4 /* EvilIcons.ttf */ = {isa = PBXFileReference; explicitFileType = undefined; fileEncoding = 9; includeInIndex = 0; lastKnownFileType = file; name = EvilIcons.ttf; path = "../node_modules/react-native-vector-icons/Fonts/EvilIcons.ttf"; sourceTree = "<group>"; };
		2497B88BB8F94C859F2F74A4 /* RNVectorIcons.xcodeproj */ = {isa = PBXFileReference; explicitFileType = undefined; fileEncoding = 9; includeInIndex = 0; lastKnownFileType = "wrapper.pb-project"; name = RNVectorIcons.xcodeproj; path = "../node_modules/react-native-vector-icons/RNVectorIcons.xcodeproj"; sourceTree = "<group>"; };
		270B96237F85409A983BF4CB /* Foundation.ttf */ = {isa = PBXFileReference; explicitFileType = undefined; fileEncoding = 9; includeInIndex = 0; lastKnownFileType = file; name = Foundation.ttf; path = "../node_modules/react-native-vector-icons/Fonts/Foundation.ttf"; sourceTree = "<group>"; };
		2A61B272EAD74DEFB26FFA16 /* Entypo.ttf */ = {isa = PBXFileReference; explicitFileType = undefined; fileEncoding = 9; includeInIndex = 0; lastKnownFileType = file; name = Entypo.ttf; path = "../node_modules/react-native-vector-icons/Fonts/Entypo.ttf"; sourceTree = "<group>"; };
		565653F21CB4D7EC00436083 /* RCTLinking.xcodeproj */ = {isa = PBXFileReference; lastKnownFileType = "wrapper.pb-project"; name = RCTLinking.xcodeproj; path = "../node_modules/react-native/Libraries/LinkingIOS/RCTLinking.xcodeproj"; sourceTree = "<group>"; };
		569A9F8D1CBF4AC600F47FFA /* main.jsbundle */ = {isa = PBXFileReference; fileEncoding = 4; lastKnownFileType = text; path = main.jsbundle; sourceTree = "<group>"; };
		619E2A179D904B279A38204A /* RNBlur.xcodeproj */ = {isa = PBXFileReference; explicitFileType = undefined; fileEncoding = 9; includeInIndex = 0; lastKnownFileType = "wrapper.pb-project"; name = RNBlur.xcodeproj; path = "../node_modules/react-native-blur/ios/RNBlur.xcodeproj"; sourceTree = "<group>"; };
		6C0814D5C4CB4DF38BD717EB /* MaterialIcons.ttf */ = {isa = PBXFileReference; explicitFileType = undefined; fileEncoding = 9; includeInIndex = 0; lastKnownFileType = file; name = MaterialIcons.ttf; path = "../node_modules/react-native-vector-icons/Fonts/MaterialIcons.ttf"; sourceTree = "<group>"; };
		6DA693B51CBF71B500B42EE4 /* Orientation.h */ = {isa = PBXFileReference; fileEncoding = 4; lastKnownFileType = sourcecode.c.h; name = Orientation.h; path = RCTOrientation/Orientation.h; sourceTree = "<group>"; };
		6DA693B61CBF71B500B42EE4 /* Orientation.m */ = {isa = PBXFileReference; fileEncoding = 4; lastKnownFileType = sourcecode.c.objc; name = Orientation.m; path = RCTOrientation/Orientation.m; sourceTree = "<group>"; };
		6DD544481CE096CA00771E57 /* RCTGeolocation.xcodeproj */ = {isa = PBXFileReference; lastKnownFileType = "wrapper.pb-project"; name = RCTGeolocation.xcodeproj; path = "../node_modules/react-native/Libraries/Geolocation/RCTGeolocation.xcodeproj"; sourceTree = "<group>"; };
		6DD544681CE097FF00771E57 /* libRNVectorIcons.a */ = {isa = PBXFileReference; lastKnownFileType = archive.ar; name = libRNVectorIcons.a; path = "../../../Library/Developer/Xcode/DerivedData/TradeMuch-blreyxdbuarssjgqdozzmvinfzge/Build/Products/Debug-iphonesimulator/RNVectorIcons/libRNVectorIcons.a"; sourceTree = "<group>"; };
		73505FE73B2F4879A54B9EB4 /* Octicons.ttf */ = {isa = PBXFileReference; explicitFileType = undefined; fileEncoding = 9; includeInIndex = 0; lastKnownFileType = file; name = Octicons.ttf; path = "../node_modules/react-native-vector-icons/Fonts/Octicons.ttf"; sourceTree = "<group>"; };
		8B08C5EB1CA00E6000961C8F /* BVLinearGradient.xcodeproj */ = {isa = PBXFileReference; lastKnownFileType = "wrapper.pb-project"; name = BVLinearGradient.xcodeproj; path = "../node_modules/react-native-linear-gradient/BVLinearGradient.xcodeproj"; sourceTree = "<group>"; };
		8BB48A851C9AB9B6006D5BA2 /* RNSearchBar.xcodeproj */ = {isa = PBXFileReference; lastKnownFileType = "wrapper.pb-project"; name = RNSearchBar.xcodeproj; path = "../node_modules/react-native-search-bar/RNSearchBar.xcodeproj"; sourceTree = "<group>"; };
		8BE3C6C71CE18B3E00B335F9 /* Fabric.framework */ = {isa = PBXFileReference; lastKnownFileType = wrapper.framework; path = Fabric.framework; sourceTree = "<group>"; };
		8BE3C6C81CE18B3E00B335F9 /* Crashlytics.framework */ = {isa = PBXFileReference; lastKnownFileType = wrapper.framework; path = Crashlytics.framework; sourceTree = "<group>"; };
		8BEB30F61CE1E400002A2383 /* metadata.json */ = {isa = PBXFileReference; fileEncoding = 4; lastKnownFileType = text.json; path = metadata.json; sourceTree = "<group>"; };
		8C13FA0BA79C49B3AB5122CC /* RCTCamera.xcodeproj */ = {isa = PBXFileReference; explicitFileType = undefined; fileEncoding = 9; includeInIndex = 0; lastKnownFileType = "wrapper.pb-project"; name = RCTCamera.xcodeproj; path = "../node_modules/react-native-camera/ios/RCTCamera.xcodeproj"; sourceTree = "<group>"; };
		B20AB10823B14CD890950B84 /* ReactNativeAutoUpdater.xcodeproj */ = {isa = PBXFileReference; explicitFileType = undefined; fileEncoding = 9; includeInIndex = 0; lastKnownFileType = "wrapper.pb-project"; name = ReactNativeAutoUpdater.xcodeproj; path = "../node_modules/react-native-auto-updater/ios/ReactNativeAutoUpdater.xcodeproj"; sourceTree = "<group>"; };
		B9A4096C9E754756927A9E3A /* libSMXCrashlytics.a */ = {isa = PBXFileReference; explicitFileType = undefined; fileEncoding = 9; includeInIndex = 0; lastKnownFileType = archive.ar; path = libSMXCrashlytics.a; sourceTree = "<group>"; };
		C87A08241B683A3800075643 /* plutoBack.png */ = {isa = PBXFileReference; lastKnownFileType = image.png; path = plutoBack.png; sourceTree = "<group>"; };
		C88173AE1B6FBB4E001330B7 /* TradeMuchTests.xctest */ = {isa = PBXFileReference; explicitFileType = wrapper.cfbundle; includeInIndex = 0; path = TradeMuchTests.xctest; sourceTree = BUILT_PRODUCTS_DIR; };
		C88173B11B6FBB4E001330B7 /* Info.plist */ = {isa = PBXFileReference; lastKnownFileType = text.plist.xml; path = Info.plist; sourceTree = "<group>"; };
		C88173CD1B6FBBEB001330B7 /* RCTFBSDKShareTests.m */ = {isa = PBXFileReference; fileEncoding = 4; lastKnownFileType = sourcecode.c.objc; path = RCTFBSDKShareTests.m; sourceTree = "<group>"; };
		D5DA56FB930F4A3AA8D3E090 /* RNImagePicker.xcodeproj */ = {isa = PBXFileReference; explicitFileType = undefined; fileEncoding = 9; includeInIndex = 0; lastKnownFileType = "wrapper.pb-project"; name = RNImagePicker.xcodeproj; path = "../node_modules/react-native-image-picker/ios/RNImagePicker.xcodeproj"; sourceTree = "<group>"; };
		D9706C96D0904CA99D48D546 /* libRNBlur.a */ = {isa = PBXFileReference; explicitFileType = undefined; fileEncoding = 9; includeInIndex = 0; lastKnownFileType = archive.ar; path = libRNBlur.a; sourceTree = "<group>"; };
		F6FF10ABDD4C47399D482D3A /* Zocial.ttf */ = {isa = PBXFileReference; explicitFileType = undefined; fileEncoding = 9; includeInIndex = 0; lastKnownFileType = file; name = Zocial.ttf; path = "../node_modules/react-native-vector-icons/Fonts/Zocial.ttf"; sourceTree = "<group>"; };
		F7317F883A7A4129B6679506 /* libReactNativeAutoUpdater.a */ = {isa = PBXFileReference; explicitFileType = undefined; fileEncoding = 9; includeInIndex = 0; lastKnownFileType = archive.ar; path = libReactNativeAutoUpdater.a; sourceTree = "<group>"; };
		FD3E2498D9524CBBBE7A7897 /* Ionicons.ttf */ = {isa = PBXFileReference; explicitFileType = undefined; fileEncoding = 9; includeInIndex = 0; lastKnownFileType = file; name = Ionicons.ttf; path = "../node_modules/react-native-vector-icons/Fonts/Ionicons.ttf"; sourceTree = "<group>"; };
/* End PBXFileReference section */

/* Begin PBXFrameworksBuildPhase section */
		13B07F8C1A680F5B00A75B9A /* Frameworks */ = {
			isa = PBXFrameworksBuildPhase;
			buildActionMask = 2147483647;
			files = (
				6D1A58BF1CE09A7A007F8EA7 /* libBVLinearGradient.a in Frameworks */,
				8BE3C6CA1CE18B3E00B335F9 /* Crashlytics.framework in Frameworks */,
				6D1A58BE1CE099A8007F8EA7 /* libRCTLinking.a in Frameworks */,
				6DD5446A1CE0983000771E57 /* libRCTCamera.a in Frameworks */,
				8BE3C6C91CE18B3E00B335F9 /* Fabric.framework in Frameworks */,
				6DD544691CE097FF00771E57 /* libRNVectorIcons.a in Frameworks */,
				6DD544661CE097C300771E57 /* libRCTGeolocation.a in Frameworks */,
				6DD544111CE0940000771E57 /* libRNSearchBar.a in Frameworks */,
				84DF14BB79DA652AFD07A466 /* libPods-TradeMuch.a in Frameworks */,
				3966F38C4D994A1EACC361CF /* libSMXCrashlytics.a in Frameworks */,
				909D55582FF84695972FE971 /* libReactNativeAutoUpdater.a in Frameworks */,
				279438304F2B4A8ABBEB792C /* libRNBlur.a in Frameworks */,
			);
			runOnlyForDeploymentPostprocessing = 0;
		};
		C88173AB1B6FBB4E001330B7 /* Frameworks */ = {
			isa = PBXFrameworksBuildPhase;
			buildActionMask = 2147483647;
			files = (
			);
			runOnlyForDeploymentPostprocessing = 0;
		};
/* End PBXFrameworksBuildPhase section */

/* Begin PBXGroup section */
		13B07FAE1A68108700A75B9A /* TradeMuch */ = {
			isa = PBXGroup;
			children = (
				8BEB30F61CE1E400002A2383 /* metadata.json */,
				569A9F8D1CBF4AC600F47FFA /* main.jsbundle */,
				13B07FAF1A68108700A75B9A /* AppDelegate.h */,
				13B07FB01A68108700A75B9A /* AppDelegate.m */,
				13B07FB51A68108700A75B9A /* Images.xcassets */,
				13B07FB61A68108700A75B9A /* Info.plist */,
				13B07FB71A68108700A75B9A /* main.m */,
			);
			name = TradeMuch;
			sourceTree = "<group>";
		};
		6DA693B41CBF71B500B42EE4 /* RCTOrientation */ = {
			isa = PBXGroup;
			children = (
				6DA693B51CBF71B500B42EE4 /* Orientation.h */,
				6DA693B61CBF71B500B42EE4 /* Orientation.m */,
			);
			name = RCTOrientation;
			path = "../node_modules/react-native-orientation";
			sourceTree = "<group>";
		};
		6DCC0DD01CE0868300F8D95D /* Products */ = {
			isa = PBXGroup;
			children = (
				6DCC0DD41CE0868300F8D95D /* libRNSearchBar.a */,
			);
			name = Products;
			sourceTree = "<group>";
		};
		6DCC0DD51CE086B900F8D95D /* Products */ = {
			isa = PBXGroup;
			children = (
				6DCC0DD91CE086B900F8D95D /* libBVLinearGradient.a */,
			);
			name = Products;
			sourceTree = "<group>";
		};
		6DCC0DDF1CE0870500F8D95D /* Products */ = {
			isa = PBXGroup;
			children = (
				6DCC0DE31CE0870500F8D95D /* libRCTLinking.a */,
			);
			name = Products;
			sourceTree = "<group>";
		};
		6DD544191CE0946600771E57 /* Products */ = {
			isa = PBXGroup;
			children = (
				6DD544201CE0946600771E57 /* libRNImagePicker.a */,
			);
			name = Products;
			sourceTree = "<group>";
		};
		6DD544271CE0946600771E57 /* Products */ = {
			isa = PBXGroup;
			children = (
				6DD5442B1CE0946600771E57 /* libRCTCamera.a */,
			);
			name = Products;
			sourceTree = "<group>";
		};
		6DD5442C1CE0946600771E57 /* Products */ = {
			isa = PBXGroup;
			children = (
				6DD544301CE0946600771E57 /* libRNVectorIcons.a */,
			);
			name = Products;
			sourceTree = "<group>";
		};
		6DD544491CE096CA00771E57 /* Products */ = {
			isa = PBXGroup;
			children = (
				6DD544501CE096CB00771E57 /* libRCTGeolocation.a */,
			);
			name = Products;
			sourceTree = "<group>";
		};
		79B6DD139250441AAEB944D5 /* Resources */ = {
			isa = PBXGroup;
			children = (
				2A61B272EAD74DEFB26FFA16 /* Entypo.ttf */,
				2271A41F1F4340AEB0EF98B4 /* EvilIcons.ttf */,
				18466B76EA2F45FD9DB88922 /* FontAwesome.ttf */,
				270B96237F85409A983BF4CB /* Foundation.ttf */,
				FD3E2498D9524CBBBE7A7897 /* Ionicons.ttf */,
				6C0814D5C4CB4DF38BD717EB /* MaterialIcons.ttf */,
				73505FE73B2F4879A54B9EB4 /* Octicons.ttf */,
				F6FF10ABDD4C47399D482D3A /* Zocial.ttf */,
			);
			name = Resources;
			sourceTree = "<group>";
		};
		83CBB9F61A601CBA00E9B192 = {
			isa = PBXGroup;
			children = (
				8BE3C6C71CE18B3E00B335F9 /* Fabric.framework */,
				8BE3C6C81CE18B3E00B335F9 /* Crashlytics.framework */,
				6DA693B41CBF71B500B42EE4 /* RCTOrientation */,
				8BB48A841C9AB8C9006D5BA2 /* Libraries */,
				C87A08241B683A3800075643 /* plutoBack.png */,
				C88173AF1B6FBB4E001330B7 /* TradeMuchTests */,
				13B07FAE1A68108700A75B9A /* TradeMuch */,
				83CBBA001A601CBA00E9B192 /* Products */,
				79B6DD139250441AAEB944D5 /* Resources */,
				866E459E0BEF6E3A2918DEA3 /* Pods */,
				AD0284517E5D4AA786B3BEF5 /* Frameworks */,
			);
			indentWidth = 2;
			sourceTree = "<group>";
			tabWidth = 2;
		};
		83CBBA001A601CBA00E9B192 /* Products */ = {
			isa = PBXGroup;
			children = (
				13B07F961A680F5B00A75B9A /* TradeMuch.app */,
				C88173AE1B6FBB4E001330B7 /* TradeMuchTests.xctest */,
			);
			name = Products;
			sourceTree = "<group>";
		};
		866E459E0BEF6E3A2918DEA3 /* Pods */ = {
			isa = PBXGroup;
			children = (
				02D16E299F8C1E6677082A1A /* Pods-TradeMuch.debug.xcconfig */,
				131D1B488A58565035FA025A /* Pods-TradeMuch.release.xcconfig */,
			);
			name = Pods;
			sourceTree = "<group>";
		};
		8BAD13791CF55B4F00E97E3C /* Products */ = {
			isa = PBXGroup;
			children = (
				8BAD13821CF55B4F00E97E3C /* libRNBlur.a */,
			);
			name = Products;
			sourceTree = "<group>";
		};
		8BB48A841C9AB8C9006D5BA2 /* Libraries */ = {
			isa = PBXGroup;
			children = (
				6DD544481CE096CA00771E57 /* RCTGeolocation.xcodeproj */,
				565653F21CB4D7EC00436083 /* RCTLinking.xcodeproj */,
				8B08C5EB1CA00E6000961C8F /* BVLinearGradient.xcodeproj */,
				8BB48A851C9AB9B6006D5BA2 /* RNSearchBar.xcodeproj */,
				8C13FA0BA79C49B3AB5122CC /* RCTCamera.xcodeproj */,
				D5DA56FB930F4A3AA8D3E090 /* RNImagePicker.xcodeproj */,
				2497B88BB8F94C859F2F74A4 /* RNVectorIcons.xcodeproj */,
				1D4C60C619284A0692E9EB4D /* SMXCrashlytics.xcodeproj */,
				B20AB10823B14CD890950B84 /* ReactNativeAutoUpdater.xcodeproj */,
				619E2A179D904B279A38204A /* RNBlur.xcodeproj */,
			);
			name = Libraries;
			sourceTree = "<group>";
		};
		8BE3C6D21CE18C6100B335F9 /* Products */ = {
			isa = PBXGroup;
			children = (
				8BE3C6DD1CE18C6100B335F9 /* libSMXCrashlytics.a */,
			);
			name = Products;
			sourceTree = "<group>";
		};
		8BE3C6EE1CE1C5E200B335F9 /* Products */ = {
			isa = PBXGroup;
			children = (
				8BE3C6F61CE1C5E200B335F9 /* libReactNativeAutoUpdater.a */,
			);
			name = Products;
			sourceTree = "<group>";
		};
		AD0284517E5D4AA786B3BEF5 /* Frameworks */ = {
			isa = PBXGroup;
			children = (
				6DD544681CE097FF00771E57 /* libRNVectorIcons.a */,
				15C4B705BE9CD44C2DE4C35D /* libPods-TradeMuch.a */,
			);
			name = Frameworks;
			sourceTree = "<group>";
		};
		C88173AF1B6FBB4E001330B7 /* TradeMuchTests */ = {
			isa = PBXGroup;
			children = (
				C88173B01B6FBB4E001330B7 /* Supporting Files */,
				C88173CD1B6FBBEB001330B7 /* RCTFBSDKShareTests.m */,
			);
			path = TradeMuchTests;
			sourceTree = "<group>";
		};
		C88173B01B6FBB4E001330B7 /* Supporting Files */ = {
			isa = PBXGroup;
			children = (
				C88173B11B6FBB4E001330B7 /* Info.plist */,
			);
			name = "Supporting Files";
			sourceTree = "<group>";
		};
/* End PBXGroup section */

/* Begin PBXNativeTarget section */
		13B07F861A680F5B00A75B9A /* TradeMuch */ = {
			isa = PBXNativeTarget;
			buildConfigurationList = 13B07F931A680F5B00A75B9A /* Build configuration list for PBXNativeTarget "TradeMuch" */;
			buildPhases = (
				70CC5FFF42A3F0FFC3390F94 /* 📦 Check Pods Manifest.lock */,
				13B07F871A680F5B00A75B9A /* Sources */,
				13B07F8C1A680F5B00A75B9A /* Frameworks */,
				13B07F8E1A680F5B00A75B9A /* Resources */,
				6D6027FA1CCF0D8200ACC613 /* set env */,
				6D6027EA1CCDC34100ACC613 /* Set IP */,
				AD7939BF285FD047AC833537 /* 📦 Embed Pods Frameworks */,
				DC4C907CF447B44761FDD522 /* 📦 Copy Pods Resources */,
				5C2910212D40309EF0D6CC05 /* Embed Pods Frameworks */,
				8BE3C6BF1CE18A6C00B335F9 /* Fabric */,
			);
			buildRules = (
			);
			dependencies = (
			);
			name = TradeMuch;
			productName = "Hello World";
			productReference = 13B07F961A680F5B00A75B9A /* TradeMuch.app */;
			productType = "com.apple.product-type.application";
		};
		C88173AD1B6FBB4E001330B7 /* TradeMuchTests */ = {
			isa = PBXNativeTarget;
			buildConfigurationList = C88173C21B6FBB4E001330B7 /* Build configuration list for PBXNativeTarget "TradeMuchTests" */;
			buildPhases = (
				C88173AA1B6FBB4E001330B7 /* Sources */,
				C88173AB1B6FBB4E001330B7 /* Frameworks */,
				C88173AC1B6FBB4E001330B7 /* Resources */,
			);
			buildRules = (
			);
			dependencies = (
				C88173B51B6FBB4E001330B7 /* PBXTargetDependency */,
			);
			name = TradeMuchTests;
			productName = TradeMuchTests;
			productReference = C88173AE1B6FBB4E001330B7 /* TradeMuchTests.xctest */;
			productType = "com.apple.product-type.bundle.unit-test";
		};
/* End PBXNativeTarget section */

/* Begin PBXProject section */
		83CBB9F71A601CBA00E9B192 /* Project object */ = {
			isa = PBXProject;
			attributes = {
				LastUpgradeCheck = 730;
				ORGANIZATIONNAME = Facebook;
				TargetAttributes = {
					13B07F861A680F5B00A75B9A = {
						DevelopmentTeam = TWVFHTEDSF;
					};
					C88173AD1B6FBB4E001330B7 = {
						CreatedOnToolsVersion = 6.3.2;
						TestTargetID = 13B07F861A680F5B00A75B9A;
					};
				};
			};
			buildConfigurationList = 83CBB9FA1A601CBA00E9B192 /* Build configuration list for PBXProject "TradeMuch" */;
			compatibilityVersion = "Xcode 3.2";
			developmentRegion = English;
			hasScannedForEncodings = 0;
			knownRegions = (
				en,
				Base,
			);
			mainGroup = 83CBB9F61A601CBA00E9B192;
			productRefGroup = 83CBBA001A601CBA00E9B192 /* Products */;
			projectDirPath = "";
			projectReferences = (
				{
					ProductGroup = 6DCC0DD51CE086B900F8D95D /* Products */;
					ProjectRef = 8B08C5EB1CA00E6000961C8F /* BVLinearGradient.xcodeproj */;
				},
				{
					ProductGroup = 6DD544271CE0946600771E57 /* Products */;
					ProjectRef = 8C13FA0BA79C49B3AB5122CC /* RCTCamera.xcodeproj */;
				},
				{
					ProductGroup = 6DD544491CE096CA00771E57 /* Products */;
					ProjectRef = 6DD544481CE096CA00771E57 /* RCTGeolocation.xcodeproj */;
				},
				{
					ProductGroup = 6DCC0DDF1CE0870500F8D95D /* Products */;
					ProjectRef = 565653F21CB4D7EC00436083 /* RCTLinking.xcodeproj */;
				},
				{
					ProductGroup = 8BE3C6EE1CE1C5E200B335F9 /* Products */;
					ProjectRef = B20AB10823B14CD890950B84 /* ReactNativeAutoUpdater.xcodeproj */;
				},
				{
					ProductGroup = 8BAD13791CF55B4F00E97E3C /* Products */;
					ProjectRef = 619E2A179D904B279A38204A /* RNBlur.xcodeproj */;
				},
				{
					ProductGroup = 6DD544191CE0946600771E57 /* Products */;
					ProjectRef = D5DA56FB930F4A3AA8D3E090 /* RNImagePicker.xcodeproj */;
				},
				{
					ProductGroup = 6DCC0DD01CE0868300F8D95D /* Products */;
					ProjectRef = 8BB48A851C9AB9B6006D5BA2 /* RNSearchBar.xcodeproj */;
				},
				{
					ProductGroup = 6DD5442C1CE0946600771E57 /* Products */;
					ProjectRef = 2497B88BB8F94C859F2F74A4 /* RNVectorIcons.xcodeproj */;
				},
				{
					ProductGroup = 8BE3C6D21CE18C6100B335F9 /* Products */;
					ProjectRef = 1D4C60C619284A0692E9EB4D /* SMXCrashlytics.xcodeproj */;
				},
			);
			projectRoot = "";
			targets = (
				13B07F861A680F5B00A75B9A /* TradeMuch */,
				C88173AD1B6FBB4E001330B7 /* TradeMuchTests */,
			);
		};
/* End PBXProject section */

/* Begin PBXReferenceProxy section */
		6DCC0DD41CE0868300F8D95D /* libRNSearchBar.a */ = {
			isa = PBXReferenceProxy;
			fileType = archive.ar;
			path = libRNSearchBar.a;
			remoteRef = 6DCC0DD31CE0868300F8D95D /* PBXContainerItemProxy */;
			sourceTree = BUILT_PRODUCTS_DIR;
		};
		6DCC0DD91CE086B900F8D95D /* libBVLinearGradient.a */ = {
			isa = PBXReferenceProxy;
			fileType = archive.ar;
			path = libBVLinearGradient.a;
			remoteRef = 6DCC0DD81CE086B900F8D95D /* PBXContainerItemProxy */;
			sourceTree = BUILT_PRODUCTS_DIR;
		};
		6DCC0DE31CE0870500F8D95D /* libRCTLinking.a */ = {
			isa = PBXReferenceProxy;
			fileType = archive.ar;
			path = libRCTLinking.a;
			remoteRef = 6DCC0DE21CE0870500F8D95D /* PBXContainerItemProxy */;
			sourceTree = BUILT_PRODUCTS_DIR;
		};
		6DD544201CE0946600771E57 /* libRNImagePicker.a */ = {
			isa = PBXReferenceProxy;
			fileType = archive.ar;
			path = libRNImagePicker.a;
			remoteRef = 6DD5441F1CE0946600771E57 /* PBXContainerItemProxy */;
			sourceTree = BUILT_PRODUCTS_DIR;
		};
		6DD5442B1CE0946600771E57 /* libRCTCamera.a */ = {
			isa = PBXReferenceProxy;
			fileType = archive.ar;
			path = libRCTCamera.a;
			remoteRef = 6DD5442A1CE0946600771E57 /* PBXContainerItemProxy */;
			sourceTree = BUILT_PRODUCTS_DIR;
		};
		6DD544301CE0946600771E57 /* libRNVectorIcons.a */ = {
			isa = PBXReferenceProxy;
			fileType = archive.ar;
			path = libRNVectorIcons.a;
			remoteRef = 6DD5442F1CE0946600771E57 /* PBXContainerItemProxy */;
			sourceTree = BUILT_PRODUCTS_DIR;
		};
		6DD544501CE096CB00771E57 /* libRCTGeolocation.a */ = {
			isa = PBXReferenceProxy;
			fileType = archive.ar;
			path = libRCTGeolocation.a;
			remoteRef = 6DD5444F1CE096CB00771E57 /* PBXContainerItemProxy */;
			sourceTree = BUILT_PRODUCTS_DIR;
		};
		8BAD13821CF55B4F00E97E3C /* libRNBlur.a */ = {
			isa = PBXReferenceProxy;
			fileType = archive.ar;
			path = libRNBlur.a;
			remoteRef = 8BAD13811CF55B4F00E97E3C /* PBXContainerItemProxy */;
			sourceTree = BUILT_PRODUCTS_DIR;
		};
		8BE3C6DD1CE18C6100B335F9 /* libSMXCrashlytics.a */ = {
			isa = PBXReferenceProxy;
			fileType = archive.ar;
			path = libSMXCrashlytics.a;
			remoteRef = 8BE3C6DC1CE18C6100B335F9 /* PBXContainerItemProxy */;
			sourceTree = BUILT_PRODUCTS_DIR;
		};
		8BE3C6F61CE1C5E200B335F9 /* libReactNativeAutoUpdater.a */ = {
			isa = PBXReferenceProxy;
			fileType = archive.ar;
			path = libReactNativeAutoUpdater.a;
			remoteRef = 8BE3C6F51CE1C5E200B335F9 /* PBXContainerItemProxy */;
			sourceTree = BUILT_PRODUCTS_DIR;
		};
/* End PBXReferenceProxy section */

/* Begin PBXResourcesBuildPhase section */
		13B07F8E1A680F5B00A75B9A /* Resources */ = {
			isa = PBXResourcesBuildPhase;
			buildActionMask = 2147483647;
			files = (
				C87A08251B683A3800075643 /* plutoBack.png in Resources */,
				13B07FBF1A68108700A75B9A /* Images.xcassets in Resources */,
				569A9F8E1CBF4AC600F47FFA /* main.jsbundle in Resources */,
				D5B9DC827F1D454281293ABA /* Entypo.ttf in Resources */,
				7DD16E341A0E42C8BB666D4A /* EvilIcons.ttf in Resources */,
				EEB1A596C59946B3BBC6DDBA /* FontAwesome.ttf in Resources */,
				0EAE332B9B454F77AB220D3B /* Foundation.ttf in Resources */,
				15D9912F0DD14BEFA5F72C29 /* Ionicons.ttf in Resources */,
				4130FBD745514CFCBCC5A4F7 /* MaterialIcons.ttf in Resources */,
				51898EAC8A9E4F79ABD06331 /* Octicons.ttf in Resources */,
				8BEB30F71CE1E400002A2383 /* metadata.json in Resources */,
				40E45189B9D14C64BC03B9F8 /* Zocial.ttf in Resources */,
			);
			runOnlyForDeploymentPostprocessing = 0;
		};
		C88173AC1B6FBB4E001330B7 /* Resources */ = {
			isa = PBXResourcesBuildPhase;
			buildActionMask = 2147483647;
			files = (
			);
			runOnlyForDeploymentPostprocessing = 0;
		};
/* End PBXResourcesBuildPhase section */

/* Begin PBXShellScriptBuildPhase section */
		5C2910212D40309EF0D6CC05 /* Embed Pods Frameworks */ = {
			isa = PBXShellScriptBuildPhase;
			buildActionMask = 2147483647;
			files = (
			);
			inputPaths = (
			);
			name = "Embed Pods Frameworks";
			outputPaths = (
			);
			runOnlyForDeploymentPostprocessing = 0;
			shellPath = /bin/sh;
			shellScript = "\"${SRCROOT}/Pods/Target Support Files/Pods-TradeMuch/Pods-TradeMuch-frameworks.sh\"\n";
			showEnvVarsInLog = 0;
		};
		6D6027EA1CCDC34100ACC613 /* Set IP */ = {
			isa = PBXShellScriptBuildPhase;
			buildActionMask = 2147483647;
			files = (
			);
			inputPaths = (
			);
			name = "Set IP";
			outputPaths = (
			);
			runOnlyForDeploymentPostprocessing = 0;
			shellPath = /bin/sh;
			shellScript = "INFOPLIST=\"${TARGET_BUILD_DIR}/${INFOPLIST_PATH}\"\necho \"writing to $INFOPLIST\"\nPLISTCMD=\"Add :SERVER_IP string $(ifconfig | grep -Eo 'inet (addr:)?([0-9]*\\.){3}[0-9]*' | grep -Eo '([0-9]*\\.){3}[0-9]*' | grep -v '127.0.0.1' | head -1)\"\necho -n \"$INFOPLIST\" | xargs -0 /usr/libexec/PlistBuddy -c \"$PLISTCMD\" || true\nPLISTCMD=\"Set :SERVER_IP $(ifconfig | grep -Eo 'inet (addr:)?([0-9]*\\.){3}[0-9]*' | grep -Eo '([0-9]*\\.){3}[0-9]*' | grep -v '127.0.0.1' | head -1)\"\necho -n \"$INFOPLIST\" | xargs -0 /usr/libexec/PlistBuddy -c \"$PLISTCMD\" || true";
		};
		6D6027FA1CCF0D8200ACC613 /* set env */ = {
			isa = PBXShellScriptBuildPhase;
			buildActionMask = 2147483647;
			files = (
			);
			inputPaths = (
			);
			name = "set env";
			outputPaths = (
			);
			runOnlyForDeploymentPostprocessing = 0;
			shellPath = /bin/sh;
			shellScript = "";
		};
		70CC5FFF42A3F0FFC3390F94 /* 📦 Check Pods Manifest.lock */ = {
			isa = PBXShellScriptBuildPhase;
			buildActionMask = 2147483647;
			files = (
			);
			inputPaths = (
			);
			name = "📦 Check Pods Manifest.lock";
			outputPaths = (
			);
			runOnlyForDeploymentPostprocessing = 0;
			shellPath = /bin/sh;
			shellScript = "diff \"${PODS_ROOT}/../Podfile.lock\" \"${PODS_ROOT}/Manifest.lock\" > /dev/null\nif [[ $? != 0 ]] ; then\n    cat << EOM\nerror: The sandbox is not in sync with the Podfile.lock. Run 'pod install' or update your CocoaPods installation.\nEOM\n    exit 1\nfi\n";
			showEnvVarsInLog = 0;
		};
		8BE3C6BF1CE18A6C00B335F9 /* Fabric */ = {
			isa = PBXShellScriptBuildPhase;
			buildActionMask = 2147483647;
			files = (
			);
			inputPaths = (
			);
			name = Fabric;
			outputPaths = (
			);
			runOnlyForDeploymentPostprocessing = 0;
			shellPath = /bin/sh;
			shellScript = "./Fabric.framework/run 96fbfd65047dcfe4168b28dfaeb12813c10ac906 bc7405e926f7f25e87cefcda6ec452c16857a99155406a4e22df724b88d3f3bf";
		};
		AD7939BF285FD047AC833537 /* 📦 Embed Pods Frameworks */ = {
			isa = PBXShellScriptBuildPhase;
			buildActionMask = 2147483647;
			files = (
			);
			inputPaths = (
			);
			name = "📦 Embed Pods Frameworks";
			outputPaths = (
			);
			runOnlyForDeploymentPostprocessing = 0;
			shellPath = /bin/sh;
			shellScript = "\"${SRCROOT}/Pods/Target Support Files/Pods-TradeMuch/Pods-TradeMuch-frameworks.sh\"\n";
			showEnvVarsInLog = 0;
		};
		DC4C907CF447B44761FDD522 /* 📦 Copy Pods Resources */ = {
			isa = PBXShellScriptBuildPhase;
			buildActionMask = 2147483647;
			files = (
			);
			inputPaths = (
			);
			name = "📦 Copy Pods Resources";
			outputPaths = (
			);
			runOnlyForDeploymentPostprocessing = 0;
			shellPath = /bin/sh;
			shellScript = "\"${SRCROOT}/Pods/Target Support Files/Pods-TradeMuch/Pods-TradeMuch-resources.sh\"\n";
			showEnvVarsInLog = 0;
		};
/* End PBXShellScriptBuildPhase section */

/* Begin PBXSourcesBuildPhase section */
		13B07F871A680F5B00A75B9A /* Sources */ = {
			isa = PBXSourcesBuildPhase;
			buildActionMask = 2147483647;
			files = (
				13B07FBC1A68108700A75B9A /* AppDelegate.m in Sources */,
				13B07FC11A68108700A75B9A /* main.m in Sources */,
				6DA693B71CBF71B500B42EE4 /* Orientation.m in Sources */,
			);
			runOnlyForDeploymentPostprocessing = 0;
		};
		C88173AA1B6FBB4E001330B7 /* Sources */ = {
			isa = PBXSourcesBuildPhase;
			buildActionMask = 2147483647;
			files = (
				C88173CE1B6FBBEB001330B7 /* RCTFBSDKShareTests.m in Sources */,
			);
			runOnlyForDeploymentPostprocessing = 0;
		};
/* End PBXSourcesBuildPhase section */

/* Begin PBXTargetDependency section */
		C88173B51B6FBB4E001330B7 /* PBXTargetDependency */ = {
			isa = PBXTargetDependency;
			target = 13B07F861A680F5B00A75B9A /* TradeMuch */;
			targetProxy = C88173B41B6FBB4E001330B7 /* PBXContainerItemProxy */;
		};
/* End PBXTargetDependency section */

/* Begin XCBuildConfiguration section */
		13B07F941A680F5B00A75B9A /* Debug */ = {
			isa = XCBuildConfiguration;
			baseConfigurationReference = 02D16E299F8C1E6677082A1A /* Pods-TradeMuch.debug.xcconfig */;
			buildSettings = {
				ASSETCATALOG_COMPILER_APPICON_NAME = AppIcon;
				ASSETCATALOG_COMPILER_LAUNCHIMAGE_NAME = LaunchImage;
				CODE_SIGN_IDENTITY = "iPhone Developer";
				"CODE_SIGN_IDENTITY[sdk=iphoneos*]" = "iPhone Developer";
				FRAMEWORK_SEARCH_PATHS = (
					"$(inherited)",
					"$(PROJECT_DIR)",
				);
				HEADER_SEARCH_PATHS = (
					"$(inherited)",
					"\"${PODS_ROOT}/Headers/Public\"",
					"\"${PODS_ROOT}/Headers/Public/Bolts\"",
					"\"${PODS_ROOT}/Headers/Public/FBSDKCoreKit\"",
					"\"${PODS_ROOT}/Headers/Public/FBSDKLoginKit\"",
					"\"${PODS_ROOT}/Headers/Public/FBSDKShareKit\"",
					"\"${PODS_ROOT}/Headers/Public/RNVectorIcons\"",
					"\"${PODS_ROOT}/Headers/Public/React\"",
					"\"${PODS_ROOT}/Headers/Public/react-native-fbsdkcore\"",
					"\"${PODS_ROOT}/Headers/Public/react-native-fbsdklogin\"",
					"\"${PODS_ROOT}/Headers/Public/react-native-fbsdkshare\"",
					"\"${PODS_ROOT}/Headers/Public/react-native-image-picker\"",
					"$(SRCROOT)/../node_modules/react-native-auto-updater/**",
					"$(SRCROOT)/../node_modules/react-native-blur/ios",
				);
				INFOPLIST_FILE = "$(SRCROOT)/Info.plist";
				LIBRARY_SEARCH_PATHS = (
					"$(inherited)",
					"\"$(SRCROOT)\"",
					"\"$(SRCROOT)/TradeMuch\"",
					"\"$(SRCROOT)/TradeMuch\"",
					"\"$(SRCROOT)/TradeMuch\"",
					"\"$(SRCROOT)/TradeMuch\"",
					"\"$(SRCROOT)/TradeMuch\"",
					"\"$(SRCROOT)/TradeMuch\"",
				);
				PRODUCT_BUNDLE_IDENTIFIER = com.trunksys.trademuch;
				PRODUCT_NAME = TradeMuch;
				PROVISIONING_PROFILE = "";
				SDKROOT = iphoneos;
			};
			name = Debug;
		};
		13B07F951A680F5B00A75B9A /* Release */ = {
			isa = XCBuildConfiguration;
			baseConfigurationReference = 131D1B488A58565035FA025A /* Pods-TradeMuch.release.xcconfig */;
			buildSettings = {
				ASSETCATALOG_COMPILER_APPICON_NAME = AppIcon;
				ASSETCATALOG_COMPILER_LAUNCHIMAGE_NAME = LaunchImage;
				CODE_SIGN_IDENTITY = "iPhone Developer";
				"CODE_SIGN_IDENTITY[sdk=iphoneos*]" = "iPhone Developer";
				FRAMEWORK_SEARCH_PATHS = (
					"$(inherited)",
					"$(PROJECT_DIR)",
				);
				HEADER_SEARCH_PATHS = (
					"$(inherited)",
					"\"${PODS_ROOT}/Headers/Public\"",
					"\"${PODS_ROOT}/Headers/Public/Bolts\"",
					"\"${PODS_ROOT}/Headers/Public/FBSDKCoreKit\"",
					"\"${PODS_ROOT}/Headers/Public/FBSDKLoginKit\"",
					"\"${PODS_ROOT}/Headers/Public/FBSDKShareKit\"",
					"\"${PODS_ROOT}/Headers/Public/RNVectorIcons\"",
					"\"${PODS_ROOT}/Headers/Public/React\"",
					"\"${PODS_ROOT}/Headers/Public/react-native-fbsdkcore\"",
					"\"${PODS_ROOT}/Headers/Public/react-native-fbsdklogin\"",
					"\"${PODS_ROOT}/Headers/Public/react-native-fbsdkshare\"",
					"\"${PODS_ROOT}/Headers/Public/react-native-image-picker\"",
					"$(SRCROOT)/../node_modules/react-native-auto-updater/**",
					"$(SRCROOT)/../node_modules/react-native-blur/ios",
				);
				INFOPLIST_FILE = "$(SRCROOT)/Info.plist";
				LIBRARY_SEARCH_PATHS = (
					"$(inherited)",
					"\"$(SRCROOT)\"",
					"\"$(SRCROOT)/TradeMuch\"",
					"\"$(SRCROOT)/TradeMuch\"",
					"\"$(SRCROOT)/TradeMuch\"",
					"\"$(SRCROOT)/TradeMuch\"",
					"\"$(SRCROOT)/TradeMuch\"",
					"\"$(SRCROOT)/TradeMuch\"",
				);
				ONLY_ACTIVE_ARCH = NO;
				PRODUCT_BUNDLE_IDENTIFIER = com.trunksys.trademuch;
				PRODUCT_NAME = TradeMuch;
				PROVISIONING_PROFILE = "";
				SDKROOT = iphoneos;
			};
			name = Release;
		};
		83CBBA201A601CBA00E9B192 /* Debug */ = {
			isa = XCBuildConfiguration;
			buildSettings = {
				ALWAYS_SEARCH_USER_PATHS = NO;
				CLANG_CXX_LANGUAGE_STANDARD = "gnu++0x";
				CLANG_CXX_LIBRARY = "libc++";
				CLANG_ENABLE_MODULES = YES;
				CLANG_ENABLE_OBJC_ARC = YES;
				CLANG_WARN_BOOL_CONVERSION = YES;
				CLANG_WARN_CONSTANT_CONVERSION = YES;
				CLANG_WARN_DIRECT_OBJC_ISA_USAGE = YES_ERROR;
				CLANG_WARN_EMPTY_BODY = YES;
				CLANG_WARN_ENUM_CONVERSION = YES;
				CLANG_WARN_INT_CONVERSION = YES;
				CLANG_WARN_OBJC_ROOT_CLASS = YES_ERROR;
				CLANG_WARN_UNREACHABLE_CODE = YES;
				CLANG_WARN__DUPLICATE_METHOD_MATCH = YES;
				"CODE_SIGN_IDENTITY[sdk=iphoneos*]" = "iPhone Developer";
				COPY_PHASE_STRIP = NO;
				ENABLE_STRICT_OBJC_MSGSEND = YES;
				ENABLE_TESTABILITY = YES;
				GCC_C_LANGUAGE_STANDARD = gnu99;
				GCC_DYNAMIC_NO_PIC = NO;
				GCC_OPTIMIZATION_LEVEL = 0;
				GCC_PREPROCESSOR_DEFINITIONS = (
					"DEBUG=1",
					"$(inherited)",
				);
				GCC_SYMBOLS_PRIVATE_EXTERN = NO;
				GCC_WARN_64_TO_32_BIT_CONVERSION = YES;
				GCC_WARN_ABOUT_RETURN_TYPE = YES_ERROR;
				GCC_WARN_UNDECLARED_SELECTOR = YES;
				GCC_WARN_UNINITIALIZED_AUTOS = YES_AGGRESSIVE;
				GCC_WARN_UNUSED_FUNCTION = YES;
				GCC_WARN_UNUSED_VARIABLE = YES;
				IPHONEOS_DEPLOYMENT_TARGET = 8.0;
				MTL_ENABLE_DEBUG_INFO = YES;
				ONLY_ACTIVE_ARCH = YES;
				SDKROOT = iphoneos;
			};
			name = Debug;
		};
		83CBBA211A601CBA00E9B192 /* Release */ = {
			isa = XCBuildConfiguration;
			buildSettings = {
				ALWAYS_SEARCH_USER_PATHS = NO;
				CLANG_CXX_LANGUAGE_STANDARD = "gnu++0x";
				CLANG_CXX_LIBRARY = "libc++";
				CLANG_ENABLE_MODULES = YES;
				CLANG_ENABLE_OBJC_ARC = YES;
				CLANG_WARN_BOOL_CONVERSION = YES;
				CLANG_WARN_CONSTANT_CONVERSION = YES;
				CLANG_WARN_DIRECT_OBJC_ISA_USAGE = YES_ERROR;
				CLANG_WARN_EMPTY_BODY = YES;
				CLANG_WARN_ENUM_CONVERSION = YES;
				CLANG_WARN_INT_CONVERSION = YES;
				CLANG_WARN_OBJC_ROOT_CLASS = YES_ERROR;
				CLANG_WARN_UNREACHABLE_CODE = YES;
				CLANG_WARN__DUPLICATE_METHOD_MATCH = YES;
				"CODE_SIGN_IDENTITY[sdk=iphoneos*]" = "iPhone Developer";
				COPY_PHASE_STRIP = YES;
				ENABLE_NS_ASSERTIONS = NO;
				ENABLE_STRICT_OBJC_MSGSEND = YES;
				GCC_C_LANGUAGE_STANDARD = gnu99;
				GCC_WARN_64_TO_32_BIT_CONVERSION = YES;
				GCC_WARN_ABOUT_RETURN_TYPE = YES_ERROR;
				GCC_WARN_UNDECLARED_SELECTOR = YES;
				GCC_WARN_UNINITIALIZED_AUTOS = YES_AGGRESSIVE;
				GCC_WARN_UNUSED_FUNCTION = YES;
				GCC_WARN_UNUSED_VARIABLE = YES;
				IPHONEOS_DEPLOYMENT_TARGET = 8.0;
				MTL_ENABLE_DEBUG_INFO = NO;
				SDKROOT = iphoneos;
				VALIDATE_PRODUCT = YES;
			};
			name = Release;
		};
		C88173B61B6FBB4E001330B7 /* Debug */ = {
			isa = XCBuildConfiguration;
			buildSettings = {
				BUNDLE_LOADER = "$(TEST_HOST)";
				DEBUG_INFORMATION_FORMAT = "dwarf-with-dsym";
				GCC_NO_COMMON_BLOCKS = YES;
				GCC_PREPROCESSOR_DEFINITIONS = (
					"DEBUG=1",
					"$(inherited)",
				);
				HEADER_SEARCH_PATHS = (
					"$(inherited)",
					/Applications/Xcode.app/Contents/Developer/Toolchains/XcodeDefault.xctoolchain/usr/include,
					"$(SRCROOT)/Pods/Headers/Public/**",
					"$(SRCROOT)/node_modules/react-native-vector-icons/RNVectorIconsManager",
					"$(SRCROOT)/../node_modules/react-native-camera/ios",
					"$(SRCROOT)/../node_modules/react-native-fbsdk/iOS/core/iOS/**",
					"$(SRCROOT)/../node_modules/react-native-image-picker/ios/**",
					"$(SRCROOT)/../node_modules/react-native-vector-icons/RNVectorIconsManager",
					"$(SRCROOT)/../node_modules/react-native-fabric/ios/SMXCrashlytics/**",
					"$(SRCROOT)/../node_modules/react-native-auto-updater/ios/ReactNativeAutoUpdater",
					"$(SRCROOT)/../node_modules/react-native-blur/ios",
				);
				INFOPLIST_FILE = TradeMuchTests/Info.plist;
				IPHONEOS_DEPLOYMENT_TARGET = 8.3;
				PRODUCT_BUNDLE_IDENTIFIER = "com.facebook.$(PRODUCT_NAME:rfc1034identifier)";
				PRODUCT_NAME = "$(TARGET_NAME)";
				TEST_HOST = "$(BUILT_PRODUCTS_DIR)/TradeMuch.app/TradeMuch";
			};
			name = Debug;
		};
		C88173B71B6FBB4E001330B7 /* Release */ = {
			isa = XCBuildConfiguration;
			buildSettings = {
				BUNDLE_LOADER = "$(TEST_HOST)";
				COPY_PHASE_STRIP = NO;
				DEBUG_INFORMATION_FORMAT = "dwarf-with-dsym";
				GCC_NO_COMMON_BLOCKS = YES;
				HEADER_SEARCH_PATHS = (
					"$(inherited)",
					/Applications/Xcode.app/Contents/Developer/Toolchains/XcodeDefault.xctoolchain/usr/include,
					"$(SRCROOT)/Pods/Headers/Public/**",
					"$(SRCROOT)/node_modules/react-native-vector-icons/RNVectorIconsManager",
					"$(SRCROOT)/../node_modules/react-native-camera/ios",
					"$(SRCROOT)/../node_modules/react-native-fbsdk/iOS/core/iOS/**",
					"$(SRCROOT)/../node_modules/react-native-image-picker/ios/**",
					"$(SRCROOT)/../node_modules/react-native-vector-icons/RNVectorIconsManager",
					"$(SRCROOT)/../node_modules/react-native-fabric/ios/SMXCrashlytics/**",
					"$(SRCROOT)/../node_modules/react-native-auto-updater/ios/ReactNativeAutoUpdater",
					"$(SRCROOT)/../node_modules/react-native-blur/ios",
				);
				INFOPLIST_FILE = TradeMuchTests/Info.plist;
				IPHONEOS_DEPLOYMENT_TARGET = 8.3;
				PRODUCT_BUNDLE_IDENTIFIER = "com.facebook.$(PRODUCT_NAME:rfc1034identifier)";
				PRODUCT_NAME = "$(TARGET_NAME)";
				TEST_HOST = "$(BUILT_PRODUCTS_DIR)/TradeMuch.app/TradeMuch";
			};
			name = Release;
		};
/* End XCBuildConfiguration section */

/* Begin XCConfigurationList section */
		13B07F931A680F5B00A75B9A /* Build configuration list for PBXNativeTarget "TradeMuch" */ = {
			isa = XCConfigurationList;
			buildConfigurations = (
				13B07F941A680F5B00A75B9A /* Debug */,
				13B07F951A680F5B00A75B9A /* Release */,
			);
			defaultConfigurationIsVisible = 0;
			defaultConfigurationName = Release;
		};
		83CBB9FA1A601CBA00E9B192 /* Build configuration list for PBXProject "TradeMuch" */ = {
			isa = XCConfigurationList;
			buildConfigurations = (
				83CBBA201A601CBA00E9B192 /* Debug */,
				83CBBA211A601CBA00E9B192 /* Release */,
			);
			defaultConfigurationIsVisible = 0;
			defaultConfigurationName = Release;
		};
		C88173C21B6FBB4E001330B7 /* Build configuration list for PBXNativeTarget "TradeMuchTests" */ = {
			isa = XCConfigurationList;
			buildConfigurations = (
				C88173B61B6FBB4E001330B7 /* Debug */,
				C88173B71B6FBB4E001330B7 /* Release */,
			);
			defaultConfigurationIsVisible = 0;
			defaultConfigurationName = Release;
		};
/* End XCConfigurationList section */
	};
	rootObject = 83CBB9F71A601CBA00E9B192 /* Project object */;
}
